// !$*UTF8*$!
{
	archiveVersion = 1;
	classes = {
	};
	objectVersion = 50;
	objects = {

/* Begin PBXBuildFile section */
		CF4B049E249EBD4B00690FB2 /* LucyRTL8125Ethernet.kext in Resources */ = {isa = PBXBuildFile; fileRef = CF4B049D249EBD4B00690FB2 /* LucyRTL8125Ethernet.kext */; };
		CF4C200F243D06B700D2F187 /* AppleMCEReporterDisabler.kext in Resources */ = {isa = PBXBuildFile; fileRef = CF4C200C243D06B700D2F187 /* AppleMCEReporterDisabler.kext */; };
		CF4C2010243D06B700D2F187 /* SmallTreeIntel82576.kext in Resources */ = {isa = PBXBuildFile; fileRef = CF4C200D243D06B700D2F187 /* SmallTreeIntel82576.kext */; };
		CF4C2014243D06D300D2F187 /* USBInjectAll.kext in Resources */ = {isa = PBXBuildFile; fileRef = CF4C2013243D06D300D2F187 /* USBInjectAll.kext */; };
		CF4C2016243D06E100D2F187 /* RealtekRTL8111.kext in Resources */ = {isa = PBXBuildFile; fileRef = CF4C2015243D06E100D2F187 /* RealtekRTL8111.kext */; };
		CF4C2018243D06EC00D2F187 /* AtherosE2200Ethernet.kext in Resources */ = {isa = PBXBuildFile; fileRef = CF4C2017243D06EC00D2F187 /* AtherosE2200Ethernet.kext */; };
		CF59E728241DA2D500A7C5EC /* AppDelegate.swift in Sources */ = {isa = PBXBuildFile; fileRef = CF59E727241DA2D500A7C5EC /* AppDelegate.swift */; };
		CF59E72F241DA2D600A7C5EC /* Main.storyboard in Resources */ = {isa = PBXBuildFile; fileRef = CF59E72D241DA2D600A7C5EC /* Main.storyboard */; };
		CF59E73A241DA57A00A7C5EC /* MainVC.swift in Sources */ = {isa = PBXBuildFile; fileRef = CF59E739241DA57A00A7C5EC /* MainVC.swift */; };
		CF59E73E241DA7F500A7C5EC /* MainWindowController.swift in Sources */ = {isa = PBXBuildFile; fileRef = CF59E73D241DA7F500A7C5EC /* MainWindowController.swift */; };
		CF6F1118241E96DD00B70805 /* Root.swift in Sources */ = {isa = PBXBuildFile; fileRef = CF6F1117241E96DD00B70805 /* Root.swift */; };
		CF6F111A241E96EB00B70805 /* ACPI.swift in Sources */ = {isa = PBXBuildFile; fileRef = CF6F1119241E96EB00B70805 /* ACPI.swift */; };
		CF6F111C241E96F400B70805 /* Booter.swift in Sources */ = {isa = PBXBuildFile; fileRef = CF6F111B241E96F400B70805 /* Booter.swift */; };
		CF6F111E241E970B00B70805 /* DeviceProperties.swift in Sources */ = {isa = PBXBuildFile; fileRef = CF6F111D241E970B00B70805 /* DeviceProperties.swift */; };
		CF6F1120241E971400B70805 /* Kernel.swift in Sources */ = {isa = PBXBuildFile; fileRef = CF6F111F241E971400B70805 /* Kernel.swift */; };
		CF6F1122241E971E00B70805 /* Misc.swift in Sources */ = {isa = PBXBuildFile; fileRef = CF6F1121241E971E00B70805 /* Misc.swift */; };
		CF6F1124241E972600B70805 /* NVRAM.swift in Sources */ = {isa = PBXBuildFile; fileRef = CF6F1123241E972600B70805 /* NVRAM.swift */; };
		CF6F1126241E973600B70805 /* PlatformInfo.swift in Sources */ = {isa = PBXBuildFile; fileRef = CF6F1125241E973600B70805 /* PlatformInfo.swift */; };
		CF6F1128241E973E00B70805 /* UEFI.swift in Sources */ = {isa = PBXBuildFile; fileRef = CF6F1127241E973E00B70805 /* UEFI.swift */; };
		CF88AB442550A5A9008B99EB /* OpenCore.efi in Resources */ = {isa = PBXBuildFile; fileRef = CF88AB432550A5A9008B99EB /* OpenCore.efi */; };
		CFA900682550A6A000765F7B /* BOOTx64.efi in Resources */ = {isa = PBXBuildFile; fileRef = CFA900672550A6A000765F7B /* BOOTx64.efi */; };
		CFA9006A2550A6AD00765F7B /* Bootstrap.efi in Resources */ = {isa = PBXBuildFile; fileRef = CFA900692550A6AD00765F7B /* Bootstrap.efi */; };
		CFA9007B2550A88800765F7B /* WhateverGreen.kext in Resources */ = {isa = PBXBuildFile; fileRef = CFA9007A2550A88800765F7B /* WhateverGreen.kext */; };
		CFA900822550A89300765F7B /* SMCSuperIO.kext in Resources */ = {isa = PBXBuildFile; fileRef = CFA9007C2550A89200765F7B /* SMCSuperIO.kext */; };
		CFA900832550A89300765F7B /* SMCBatteryManager.kext in Resources */ = {isa = PBXBuildFile; fileRef = CFA9007D2550A89200765F7B /* SMCBatteryManager.kext */; };
		CFA900842550A89300765F7B /* SMCDellSensors.kext in Resources */ = {isa = PBXBuildFile; fileRef = CFA9007E2550A89200765F7B /* SMCDellSensors.kext */; };
		CFA900852550A89300765F7B /* VirtualSMC.kext in Resources */ = {isa = PBXBuildFile; fileRef = CFA9007F2550A89200765F7B /* VirtualSMC.kext */; };
		CFA900862550A89300765F7B /* SMCLightSensor.kext in Resources */ = {isa = PBXBuildFile; fileRef = CFA900802550A89300765F7B /* SMCLightSensor.kext */; };
		CFA900872550A89300765F7B /* SMCProcessor.kext in Resources */ = {isa = PBXBuildFile; fileRef = CFA900812550A89300765F7B /* SMCProcessor.kext */; };
		CFA9008B2550A8A300765F7B /* AppleALC.kext in Resources */ = {isa = PBXBuildFile; fileRef = CFA9008A2550A8A300765F7B /* AppleALC.kext */; };
		CFA9008D2550A8AB00765F7B /* Lilu.kext in Resources */ = {isa = PBXBuildFile; fileRef = CFA9008C2550A8AB00765F7B /* Lilu.kext */; };
		CFA900922550A92F00765F7B /* OpenRuntime.efi in Resources */ = {isa = PBXBuildFile; fileRef = CFA9008E2550A92F00765F7B /* OpenRuntime.efi */; };
		CFA900932550A92F00765F7B /* NvmExpressDxe.efi in Resources */ = {isa = PBXBuildFile; fileRef = CFA9008F2550A92F00765F7B /* NvmExpressDxe.efi */; };
		CFA900942550A92F00765F7B /* OpenUsbKbDxe.efi in Resources */ = {isa = PBXBuildFile; fileRef = CFA900902550A92F00765F7B /* OpenUsbKbDxe.efi */; };
		CFA900952550A92F00765F7B /* XhciDxe.efi in Resources */ = {isa = PBXBuildFile; fileRef = CFA900912550A92F00765F7B /* XhciDxe.efi */; };
		CFBDB38B2550AB8A000270FD /* AirportBrcmFixup.kext in Resources */ = {isa = PBXBuildFile; fileRef = CFBDB38A2550AB8A000270FD /* AirportBrcmFixup.kext */; };
		CFBE7046250E796300D2D332 /* 17H_Patches.swift in Sources */ = {isa = PBXBuildFile; fileRef = CFBE7045250E796300D2D332 /* 17H_Patches.swift */; };
		CFDE3E8B252B8A4B004AE661 /* HfsPlus.efi in Resources */ = {isa = PBXBuildFile; fileRef = CFDE3E8A252B8A4B004AE661 /* HfsPlus.efi */; };
		CFE8A230249E662400D72669 /* AppIcon.xcassets in Resources */ = {isa = PBXBuildFile; fileRef = CFE8A22F249E662400D72669 /* AppIcon.xcassets */; };
		CFEACE92249E5C8300A7F0B3 /* IntelMausi.kext in Resources */ = {isa = PBXBuildFile; fileRef = CFEACE91249E5C8300A7F0B3 /* IntelMausi.kext */; };
		CFF17AA724D8638800978A9A /* BrcmPatchRAM3.kext in Resources */ = {isa = PBXBuildFile; fileRef = CFF17AA324D8638700978A9A /* BrcmPatchRAM3.kext */; };
		CFF17AA824D8638800978A9A /* BrcmFirmwareData.kext in Resources */ = {isa = PBXBuildFile; fileRef = CFF17AA424D8638700978A9A /* BrcmFirmwareData.kext */; };
		CFF17AA924D8638800978A9A /* BrcmBluetoothInjector.kext in Resources */ = {isa = PBXBuildFile; fileRef = CFF17AA524D8638700978A9A /* BrcmBluetoothInjector.kext */; };
		CFF17AAA24D8638800978A9A /* BrcmPatchRAM2.kext in Resources */ = {isa = PBXBuildFile; fileRef = CFF17AA624D8638800978A9A /* BrcmPatchRAM2.kext */; };
		CFFCD3CC2516599600D8D448 /* Sparkle.framework in Frameworks */ = {isa = PBXBuildFile; fileRef = CFFCD3CA2516598C00D8D448 /* Sparkle.framework */; };
		CFFCD3CD2516599600D8D448 /* Sparkle.framework in CopyFiles */ = {isa = PBXBuildFile; fileRef = CFFCD3CA2516598C00D8D448 /* Sparkle.framework */; settings = {ATTRIBUTES = (CodeSignOnCopy, RemoveHeadersOnCopy, ); }; };
		D5B5BBF824A7B6CC004E5D7C /* HyperlinkTextField.swift in Sources */ = {isa = PBXBuildFile; fileRef = D5B5BBF724A7B6CC004E5D7C /* HyperlinkTextField.swift */; };
/* End PBXBuildFile section */

/* Begin PBXCopyFilesBuildPhase section */
		CF2F509A24ACD723003AAD00 /* CopyFiles */ = {
			isa = PBXCopyFilesBuildPhase;
			buildActionMask = 2147483647;
			dstPath = "";
			dstSubfolderSpec = 10;
			files = (
				CFFCD3CD2516599600D8D448 /* Sparkle.framework in CopyFiles */,
			);
			runOnlyForDeploymentPostprocessing = 0;
		};
/* End PBXCopyFilesBuildPhase section */

/* Begin PBXFileReference section */
		B896CFA1249F24E50061F934 /* ko */ = {isa = PBXFileReference; lastKnownFileType = text.plist.strings; name = ko; path = ko.lproj/Main.strings; sourceTree = "<group>"; };
		CF4B049D249EBD4B00690FB2 /* LucyRTL8125Ethernet.kext */ = {isa = PBXFileReference; lastKnownFileType = "wrapper.kernel-extension"; path = LucyRTL8125Ethernet.kext; sourceTree = "<group>"; };
		CF4C200C243D06B700D2F187 /* AppleMCEReporterDisabler.kext */ = {isa = PBXFileReference; lastKnownFileType = "wrapper.kernel-extension"; path = AppleMCEReporterDisabler.kext; sourceTree = "<group>"; };
		CF4C200D243D06B700D2F187 /* SmallTreeIntel82576.kext */ = {isa = PBXFileReference; lastKnownFileType = "wrapper.kernel-extension"; path = SmallTreeIntel82576.kext; sourceTree = "<group>"; };
		CF4C2013243D06D300D2F187 /* USBInjectAll.kext */ = {isa = PBXFileReference; lastKnownFileType = "wrapper.kernel-extension"; path = USBInjectAll.kext; sourceTree = "<group>"; };
		CF4C2015243D06E100D2F187 /* RealtekRTL8111.kext */ = {isa = PBXFileReference; lastKnownFileType = "wrapper.kernel-extension"; path = RealtekRTL8111.kext; sourceTree = "<group>"; };
		CF4C2017243D06EC00D2F187 /* AtherosE2200Ethernet.kext */ = {isa = PBXFileReference; lastKnownFileType = "wrapper.kernel-extension"; path = AtherosE2200Ethernet.kext; sourceTree = "<group>"; };
		CF59E724241DA2D500A7C5EC /* OC Gen-X.app */ = {isa = PBXFileReference; explicitFileType = wrapper.application; includeInIndex = 0; path = "OC Gen-X.app"; sourceTree = BUILT_PRODUCTS_DIR; };
		CF59E727241DA2D500A7C5EC /* AppDelegate.swift */ = {isa = PBXFileReference; lastKnownFileType = sourcecode.swift; path = AppDelegate.swift; sourceTree = "<group>"; };
		CF59E72E241DA2D600A7C5EC /* Base */ = {isa = PBXFileReference; lastKnownFileType = file.storyboard; name = Base; path = Base.lproj/Main.storyboard; sourceTree = "<group>"; };
		CF59E730241DA2D600A7C5EC /* Info.plist */ = {isa = PBXFileReference; lastKnownFileType = text.plist.xml; path = Info.plist; sourceTree = "<group>"; };
		CF59E731241DA2D600A7C5EC /* OC_Gen_X.entitlements */ = {isa = PBXFileReference; lastKnownFileType = text.plist.entitlements; path = OC_Gen_X.entitlements; sourceTree = "<group>"; };
		CF59E739241DA57A00A7C5EC /* MainVC.swift */ = {isa = PBXFileReference; lastKnownFileType = sourcecode.swift; path = MainVC.swift; sourceTree = "<group>"; };
		CF59E73D241DA7F500A7C5EC /* MainWindowController.swift */ = {isa = PBXFileReference; lastKnownFileType = sourcecode.swift; path = MainWindowController.swift; sourceTree = "<group>"; };
		CF6F1117241E96DD00B70805 /* Root.swift */ = {isa = PBXFileReference; lastKnownFileType = sourcecode.swift; path = Root.swift; sourceTree = "<group>"; };
		CF6F1119241E96EB00B70805 /* ACPI.swift */ = {isa = PBXFileReference; lastKnownFileType = sourcecode.swift; path = ACPI.swift; sourceTree = "<group>"; };
		CF6F111B241E96F400B70805 /* Booter.swift */ = {isa = PBXFileReference; lastKnownFileType = sourcecode.swift; path = Booter.swift; sourceTree = "<group>"; };
		CF6F111D241E970B00B70805 /* DeviceProperties.swift */ = {isa = PBXFileReference; lastKnownFileType = sourcecode.swift; path = DeviceProperties.swift; sourceTree = "<group>"; };
		CF6F111F241E971400B70805 /* Kernel.swift */ = {isa = PBXFileReference; lastKnownFileType = sourcecode.swift; path = Kernel.swift; sourceTree = "<group>"; };
		CF6F1121241E971E00B70805 /* Misc.swift */ = {isa = PBXFileReference; lastKnownFileType = sourcecode.swift; path = Misc.swift; sourceTree = "<group>"; };
		CF6F1123241E972600B70805 /* NVRAM.swift */ = {isa = PBXFileReference; lastKnownFileType = sourcecode.swift; path = NVRAM.swift; sourceTree = "<group>"; };
		CF6F1125241E973600B70805 /* PlatformInfo.swift */ = {isa = PBXFileReference; lastKnownFileType = sourcecode.swift; path = PlatformInfo.swift; sourceTree = "<group>"; };
		CF6F1127241E973E00B70805 /* UEFI.swift */ = {isa = PBXFileReference; lastKnownFileType = sourcecode.swift; path = UEFI.swift; sourceTree = "<group>"; };
		CF88AB432550A5A9008B99EB /* OpenCore.efi */ = {isa = PBXFileReference; lastKnownFileType = file; path = OpenCore.efi; sourceTree = "<group>"; };
		CFA900672550A6A000765F7B /* BOOTx64.efi */ = {isa = PBXFileReference; lastKnownFileType = file; path = BOOTx64.efi; sourceTree = "<group>"; };
		CFA900692550A6AD00765F7B /* Bootstrap.efi */ = {isa = PBXFileReference; lastKnownFileType = file; path = Bootstrap.efi; sourceTree = "<group>"; };
		CFA9007A2550A88800765F7B /* WhateverGreen.kext */ = {isa = PBXFileReference; lastKnownFileType = "wrapper.kernel-extension"; path = WhateverGreen.kext; sourceTree = "<group>"; };
		CFA9007C2550A89200765F7B /* SMCSuperIO.kext */ = {isa = PBXFileReference; lastKnownFileType = "wrapper.kernel-extension"; path = SMCSuperIO.kext; sourceTree = "<group>"; };
		CFA9007D2550A89200765F7B /* SMCBatteryManager.kext */ = {isa = PBXFileReference; lastKnownFileType = "wrapper.kernel-extension"; path = SMCBatteryManager.kext; sourceTree = "<group>"; };
		CFA9007E2550A89200765F7B /* SMCDellSensors.kext */ = {isa = PBXFileReference; lastKnownFileType = "wrapper.kernel-extension"; path = SMCDellSensors.kext; sourceTree = "<group>"; };
		CFA9007F2550A89200765F7B /* VirtualSMC.kext */ = {isa = PBXFileReference; lastKnownFileType = "wrapper.kernel-extension"; path = VirtualSMC.kext; sourceTree = "<group>"; };
		CFA900802550A89300765F7B /* SMCLightSensor.kext */ = {isa = PBXFileReference; lastKnownFileType = "wrapper.kernel-extension"; path = SMCLightSensor.kext; sourceTree = "<group>"; };
		CFA900812550A89300765F7B /* SMCProcessor.kext */ = {isa = PBXFileReference; lastKnownFileType = "wrapper.kernel-extension"; path = SMCProcessor.kext; sourceTree = "<group>"; };
		CFA9008A2550A8A300765F7B /* AppleALC.kext */ = {isa = PBXFileReference; lastKnownFileType = "wrapper.kernel-extension"; path = AppleALC.kext; sourceTree = "<group>"; };
		CFA9008C2550A8AB00765F7B /* Lilu.kext */ = {isa = PBXFileReference; lastKnownFileType = "wrapper.kernel-extension"; path = Lilu.kext; sourceTree = "<group>"; };
		CFA9008E2550A92F00765F7B /* OpenRuntime.efi */ = {isa = PBXFileReference; lastKnownFileType = file; path = OpenRuntime.efi; sourceTree = "<group>"; };
		CFA9008F2550A92F00765F7B /* NvmExpressDxe.efi */ = {isa = PBXFileReference; lastKnownFileType = file; path = NvmExpressDxe.efi; sourceTree = "<group>"; };
		CFA900902550A92F00765F7B /* OpenUsbKbDxe.efi */ = {isa = PBXFileReference; lastKnownFileType = file; path = OpenUsbKbDxe.efi; sourceTree = "<group>"; };
		CFA900912550A92F00765F7B /* XhciDxe.efi */ = {isa = PBXFileReference; lastKnownFileType = file; path = XhciDxe.efi; sourceTree = "<group>"; };
		CFBDB38A2550AB8A000270FD /* AirportBrcmFixup.kext */ = {isa = PBXFileReference; lastKnownFileType = "wrapper.kernel-extension"; path = AirportBrcmFixup.kext; sourceTree = "<group>"; };
		CFBE7045250E796300D2D332 /* 17H_Patches.swift */ = {isa = PBXFileReference; fileEncoding = 4; lastKnownFileType = sourcecode.swift; path = 17H_Patches.swift; sourceTree = "<group>"; };
		CFDE3E8A252B8A4B004AE661 /* HfsPlus.efi */ = {isa = PBXFileReference; lastKnownFileType = file; path = HfsPlus.efi; sourceTree = "<group>"; };
		CFE8A22F249E662400D72669 /* AppIcon.xcassets */ = {isa = PBXFileReference; lastKnownFileType = folder.assetcatalog; path = AppIcon.xcassets; sourceTree = "<group>"; };
		CFEACE91249E5C8300A7F0B3 /* IntelMausi.kext */ = {isa = PBXFileReference; lastKnownFileType = "wrapper.kernel-extension"; path = IntelMausi.kext; sourceTree = "<group>"; };
		CFF17AA324D8638700978A9A /* BrcmPatchRAM3.kext */ = {isa = PBXFileReference; lastKnownFileType = "wrapper.kernel-extension"; path = BrcmPatchRAM3.kext; sourceTree = "<group>"; };
		CFF17AA424D8638700978A9A /* BrcmFirmwareData.kext */ = {isa = PBXFileReference; lastKnownFileType = "wrapper.kernel-extension"; path = BrcmFirmwareData.kext; sourceTree = "<group>"; };
		CFF17AA524D8638700978A9A /* BrcmBluetoothInjector.kext */ = {isa = PBXFileReference; lastKnownFileType = "wrapper.kernel-extension"; path = BrcmBluetoothInjector.kext; sourceTree = "<group>"; };
		CFF17AA624D8638800978A9A /* BrcmPatchRAM2.kext */ = {isa = PBXFileReference; lastKnownFileType = "wrapper.kernel-extension"; path = BrcmPatchRAM2.kext; sourceTree = "<group>"; };
		CFFCD3CA2516598C00D8D448 /* Sparkle.framework */ = {isa = PBXFileReference; lastKnownFileType = wrapper.framework; path = Sparkle.framework; sourceTree = "<group>"; };
		D5B5BBF724A7B6CC004E5D7C /* HyperlinkTextField.swift */ = {isa = PBXFileReference; lastKnownFileType = sourcecode.swift; path = HyperlinkTextField.swift; sourceTree = "<group>"; };
/* End PBXFileReference section */

/* Begin PBXFrameworksBuildPhase section */
		CF59E721241DA2D500A7C5EC /* Frameworks */ = {
			isa = PBXFrameworksBuildPhase;
			buildActionMask = 2147483647;
			files = (
				CFFCD3CC2516599600D8D448 /* Sparkle.framework in Frameworks */,
			);
			runOnlyForDeploymentPostprocessing = 0;
		};
/* End PBXFrameworksBuildPhase section */

/* Begin PBXGroup section */
		CF4C2008243D067000D2F187 /* Kexts */ = {
			isa = PBXGroup;
			children = (
				CFBDB38A2550AB8A000270FD /* AirportBrcmFixup.kext */,
				CFA9008C2550A8AB00765F7B /* Lilu.kext */,
				CFA9008A2550A8A300765F7B /* AppleALC.kext */,
				CFA9007D2550A89200765F7B /* SMCBatteryManager.kext */,
				CFA9007E2550A89200765F7B /* SMCDellSensors.kext */,
				CFA900802550A89300765F7B /* SMCLightSensor.kext */,
				CFA900812550A89300765F7B /* SMCProcessor.kext */,
				CFA9007C2550A89200765F7B /* SMCSuperIO.kext */,
				CFA9007F2550A89200765F7B /* VirtualSMC.kext */,
				CFA9007A2550A88800765F7B /* WhateverGreen.kext */,
				CFF17AA524D8638700978A9A /* BrcmBluetoothInjector.kext */,
				CFF17AA424D8638700978A9A /* BrcmFirmwareData.kext */,
				CFF17AA624D8638800978A9A /* BrcmPatchRAM2.kext */,
				CFF17AA324D8638700978A9A /* BrcmPatchRAM3.kext */,
				CFEACE91249E5C8300A7F0B3 /* IntelMausi.kext */,
				CF4C2013243D06D300D2F187 /* USBInjectAll.kext */,
				CF4B049D249EBD4B00690FB2 /* LucyRTL8125Ethernet.kext */,
				CF4C2017243D06EC00D2F187 /* AtherosE2200Ethernet.kext */,
				CF4C200C243D06B700D2F187 /* AppleMCEReporterDisabler.kext */,
				CF4C2015243D06E100D2F187 /* RealtekRTL8111.kext */,
				CF4C200D243D06B700D2F187 /* SmallTreeIntel82576.kext */,
			);
			path = Kexts;
			sourceTree = "<group>";
		};
		CF4C200A243D069000D2F187 /* Drivers */ = {
			isa = PBXGroup;
			children = (
				CFA9008F2550A92F00765F7B /* NvmExpressDxe.efi */,
				CFA9008E2550A92F00765F7B /* OpenRuntime.efi */,
				CFA900902550A92F00765F7B /* OpenUsbKbDxe.efi */,
				CFA900912550A92F00765F7B /* XhciDxe.efi */,
				CFDE3E8A252B8A4B004AE661 /* HfsPlus.efi */,
			);
			path = Drivers;
			sourceTree = "<group>";
		};
		CF4C2035243D077E00D2F187 /* OC Files */ = {
			isa = PBXGroup;
			children = (
				CFA900672550A6A000765F7B /* BOOTx64.efi */,
				CFA900692550A6AD00765F7B /* Bootstrap.efi */,
				CF88AB432550A5A9008B99EB /* OpenCore.efi */,
			);
			path = "OC Files";
			sourceTree = "<group>";
		};
		CF59E71B241DA2D500A7C5EC = {
			isa = PBXGroup;
			children = (
				CF59E726241DA2D500A7C5EC /* OC Gen-X */,
				CF59E725241DA2D500A7C5EC /* Products */,
			);
			sourceTree = "<group>";
		};
		CF59E725241DA2D500A7C5EC /* Products */ = {
			isa = PBXGroup;
			children = (
				CF59E724241DA2D500A7C5EC /* OC Gen-X.app */,
			);
			name = Products;
			sourceTree = "<group>";
		};
		CF59E726241DA2D500A7C5EC /* OC Gen-X */ = {
			isa = PBXGroup;
			children = (
				CF6F1116241E96C200B70805 /* Config */,
				CF4C2008243D067000D2F187 /* Kexts */,
				CF4C2035243D077E00D2F187 /* OC Files */,
				CF4C200A243D069000D2F187 /* Drivers */,
				D5B5BBF924A7B6FB004E5D7C /* Views */,
				CF59E727241DA2D500A7C5EC /* AppDelegate.swift */,
				CF59E739241DA57A00A7C5EC /* MainVC.swift */,
				CF59E73D241DA7F500A7C5EC /* MainWindowController.swift */,
				CF59E72D241DA2D600A7C5EC /* Main.storyboard */,
				CF59E730241DA2D600A7C5EC /* Info.plist */,
				CF59E731241DA2D600A7C5EC /* OC_Gen_X.entitlements */,
				CFE8A22F249E662400D72669 /* AppIcon.xcassets */,
				CFFCD3CA2516598C00D8D448 /* Sparkle.framework */,
			);
			path = "OC Gen-X";
			sourceTree = "<group>";
		};
		CF6F1116241E96C200B70805 /* Config */ = {
			isa = PBXGroup;
			children = (
				CF6F1117241E96DD00B70805 /* Root.swift */,
				CF6F1119241E96EB00B70805 /* ACPI.swift */,
				CF6F111B241E96F400B70805 /* Booter.swift */,
				CF6F111D241E970B00B70805 /* DeviceProperties.swift */,
				CF6F111F241E971400B70805 /* Kernel.swift */,
				CF6F1121241E971E00B70805 /* Misc.swift */,
				CF6F1123241E972600B70805 /* NVRAM.swift */,
				CF6F1125241E973600B70805 /* PlatformInfo.swift */,
				CF6F1127241E973E00B70805 /* UEFI.swift */,
				CFBE7045250E796300D2D332 /* 17H_Patches.swift */,
			);
			path = Config;
			sourceTree = "<group>";
		};
		D5B5BBF924A7B6FB004E5D7C /* Views */ = {
			isa = PBXGroup;
			children = (
				D5B5BBF724A7B6CC004E5D7C /* HyperlinkTextField.swift */,
			);
			path = Views;
			sourceTree = "<group>";
		};
/* End PBXGroup section */

/* Begin PBXNativeTarget section */
		CF59E723241DA2D500A7C5EC /* OC Gen-X */ = {
			isa = PBXNativeTarget;
			buildConfigurationList = CF59E734241DA2D600A7C5EC /* Build configuration list for PBXNativeTarget "OC Gen-X" */;
			buildPhases = (
				CF59E720241DA2D500A7C5EC /* Sources */,
				CF59E721241DA2D500A7C5EC /* Frameworks */,
				CF59E722241DA2D500A7C5EC /* Resources */,
				CF2F509A24ACD723003AAD00 /* CopyFiles */,
			);
			buildRules = (
			);
			dependencies = (
			);
			name = "OC Gen-X";
			productName = "OC Gen-X";
			productReference = CF59E724241DA2D500A7C5EC /* OC Gen-X.app */;
			productType = "com.apple.product-type.application";
		};
/* End PBXNativeTarget section */

/* Begin PBXProject section */
		CF59E71C241DA2D500A7C5EC /* Project object */ = {
			isa = PBXProject;
			attributes = {
				LastSwiftUpdateCheck = 1130;
				LastUpgradeCheck = 1210;
				ORGANIZATIONNAME = Pavo;
				TargetAttributes = {
					CF59E723241DA2D500A7C5EC = {
						CreatedOnToolsVersion = 11.3.1;
						LastSwiftMigration = 1200;
					};
				};
			};
			buildConfigurationList = CF59E71F241DA2D500A7C5EC /* Build configuration list for PBXProject "OC Gen-X" */;
			compatibilityVersion = "Xcode 9.3";
			developmentRegion = en;
			hasScannedForEncodings = 0;
			knownRegions = (
				en,
				Base,
				ko,
			);
			mainGroup = CF59E71B241DA2D500A7C5EC;
			productRefGroup = CF59E725241DA2D500A7C5EC /* Products */;
			projectDirPath = "";
			projectRoot = "";
			targets = (
				CF59E723241DA2D500A7C5EC /* OC Gen-X */,
			);
		};
/* End PBXProject section */

/* Begin PBXResourcesBuildPhase section */
		CF59E722241DA2D500A7C5EC /* Resources */ = {
			isa = PBXResourcesBuildPhase;
			buildActionMask = 2147483647;
			files = (
				CFA9008D2550A8AB00765F7B /* Lilu.kext in Resources */,
				CF4C2018243D06EC00D2F187 /* AtherosE2200Ethernet.kext in Resources */,
				CFA9007B2550A88800765F7B /* WhateverGreen.kext in Resources */,
				CFA900922550A92F00765F7B /* OpenRuntime.efi in Resources */,
				CFE8A230249E662400D72669 /* AppIcon.xcassets in Resources */,
				CFA900862550A89300765F7B /* SMCLightSensor.kext in Resources */,
				CFEACE92249E5C8300A7F0B3 /* IntelMausi.kext in Resources */,
				CFA900682550A6A000765F7B /* BOOTx64.efi in Resources */,
				CFA900872550A89300765F7B /* SMCProcessor.kext in Resources */,
				CF88AB442550A5A9008B99EB /* OpenCore.efi in Resources */,
				CF59E72F241DA2D600A7C5EC /* Main.storyboard in Resources */,
				CFA900822550A89300765F7B /* SMCSuperIO.kext in Resources */,
				CF4C2010243D06B700D2F187 /* SmallTreeIntel82576.kext in Resources */,
				CFF17AAA24D8638800978A9A /* BrcmPatchRAM2.kext in Resources */,
				CF4C2014243D06D300D2F187 /* USBInjectAll.kext in Resources */,
				CFA900842550A89300765F7B /* SMCDellSensors.kext in Resources */,
				CFA900952550A92F00765F7B /* XhciDxe.efi in Resources */,
				CFF17AA824D8638800978A9A /* BrcmFirmwareData.kext in Resources */,
				CFA9008B2550A8A300765F7B /* AppleALC.kext in Resources */,
				CFA900932550A92F00765F7B /* NvmExpressDxe.efi in Resources */,
				CFF17AA724D8638800978A9A /* BrcmPatchRAM3.kext in Resources */,
				CF4C200F243D06B700D2F187 /* AppleMCEReporterDisabler.kext in Resources */,
				CFA900942550A92F00765F7B /* OpenUsbKbDxe.efi in Resources */,
				CFA9006A2550A6AD00765F7B /* Bootstrap.efi in Resources */,
				CFDE3E8B252B8A4B004AE661 /* HfsPlus.efi in Resources */,
				CF4B049E249EBD4B00690FB2 /* LucyRTL8125Ethernet.kext in Resources */,
				CFA900832550A89300765F7B /* SMCBatteryManager.kext in Resources */,
				CFBDB38B2550AB8A000270FD /* AirportBrcmFixup.kext in Resources */,
				CFA900852550A89300765F7B /* VirtualSMC.kext in Resources */,
				CFF17AA924D8638800978A9A /* BrcmBluetoothInjector.kext in Resources */,
				CF4C2016243D06E100D2F187 /* RealtekRTL8111.kext in Resources */,
			);
			runOnlyForDeploymentPostprocessing = 0;
		};
/* End PBXResourcesBuildPhase section */

/* Begin PBXSourcesBuildPhase section */
		CF59E720241DA2D500A7C5EC /* Sources */ = {
			isa = PBXSourcesBuildPhase;
			buildActionMask = 2147483647;
			files = (
				CF6F1126241E973600B70805 /* PlatformInfo.swift in Sources */,
				CF6F1120241E971400B70805 /* Kernel.swift in Sources */,
				CFBE7046250E796300D2D332 /* 17H_Patches.swift in Sources */,
				CF6F111A241E96EB00B70805 /* ACPI.swift in Sources */,
				CF59E73A241DA57A00A7C5EC /* MainVC.swift in Sources */,
				CF6F111C241E96F400B70805 /* Booter.swift in Sources */,
				CF6F1122241E971E00B70805 /* Misc.swift in Sources */,
				D5B5BBF824A7B6CC004E5D7C /* HyperlinkTextField.swift in Sources */,
				CF6F1124241E972600B70805 /* NVRAM.swift in Sources */,
				CF59E728241DA2D500A7C5EC /* AppDelegate.swift in Sources */,
				CF6F1128241E973E00B70805 /* UEFI.swift in Sources */,
				CF59E73E241DA7F500A7C5EC /* MainWindowController.swift in Sources */,
				CF6F1118241E96DD00B70805 /* Root.swift in Sources */,
				CF6F111E241E970B00B70805 /* DeviceProperties.swift in Sources */,
			);
			runOnlyForDeploymentPostprocessing = 0;
		};
/* End PBXSourcesBuildPhase section */

/* Begin PBXVariantGroup section */
		CF59E72D241DA2D600A7C5EC /* Main.storyboard */ = {
			isa = PBXVariantGroup;
			children = (
				CF59E72E241DA2D600A7C5EC /* Base */,
				B896CFA1249F24E50061F934 /* ko */,
			);
			name = Main.storyboard;
			sourceTree = "<group>";
		};
/* End PBXVariantGroup section */

/* Begin XCBuildConfiguration section */
		CF59E732241DA2D600A7C5EC /* Debug */ = {
			isa = XCBuildConfiguration;
			buildSettings = {
				ALWAYS_SEARCH_USER_PATHS = NO;
				CLANG_ANALYZER_LOCALIZABILITY_NONLOCALIZED = YES;
				CLANG_ANALYZER_NONNULL = YES;
				CLANG_ANALYZER_NUMBER_OBJECT_CONVERSION = YES_AGGRESSIVE;
				CLANG_CXX_LANGUAGE_STANDARD = "gnu++14";
				CLANG_CXX_LIBRARY = "libc++";
				CLANG_ENABLE_MODULES = YES;
				CLANG_ENABLE_OBJC_ARC = YES;
				CLANG_ENABLE_OBJC_WEAK = YES;
				CLANG_WARN_BLOCK_CAPTURE_AUTORELEASING = YES;
				CLANG_WARN_BOOL_CONVERSION = YES;
				CLANG_WARN_COMMA = YES;
				CLANG_WARN_CONSTANT_CONVERSION = YES;
				CLANG_WARN_DEPRECATED_OBJC_IMPLEMENTATIONS = YES;
				CLANG_WARN_DIRECT_OBJC_ISA_USAGE = YES_ERROR;
				CLANG_WARN_DOCUMENTATION_COMMENTS = YES;
				CLANG_WARN_EMPTY_BODY = YES;
				CLANG_WARN_ENUM_CONVERSION = YES;
				CLANG_WARN_INFINITE_RECURSION = YES;
				CLANG_WARN_INT_CONVERSION = YES;
				CLANG_WARN_NON_LITERAL_NULL_CONVERSION = YES;
				CLANG_WARN_OBJC_IMPLICIT_RETAIN_SELF = YES;
				CLANG_WARN_OBJC_LITERAL_CONVERSION = YES;
				CLANG_WARN_OBJC_ROOT_CLASS = YES_ERROR;
				CLANG_WARN_QUOTED_INCLUDE_IN_FRAMEWORK_HEADER = YES;
				CLANG_WARN_RANGE_LOOP_ANALYSIS = YES;
				CLANG_WARN_STRICT_PROTOTYPES = YES;
				CLANG_WARN_SUSPICIOUS_MOVE = YES;
				CLANG_WARN_UNGUARDED_AVAILABILITY = YES_AGGRESSIVE;
				CLANG_WARN_UNREACHABLE_CODE = YES;
				CLANG_WARN__DUPLICATE_METHOD_MATCH = YES;
				COPY_PHASE_STRIP = NO;
				DEBUG_INFORMATION_FORMAT = dwarf;
				ENABLE_STRICT_OBJC_MSGSEND = YES;
				ENABLE_TESTABILITY = YES;
				GCC_C_LANGUAGE_STANDARD = gnu11;
				GCC_DYNAMIC_NO_PIC = NO;
				GCC_NO_COMMON_BLOCKS = YES;
				GCC_OPTIMIZATION_LEVEL = 0;
				GCC_PREPROCESSOR_DEFINITIONS = (
					"DEBUG=1",
					"$(inherited)",
				);
				GCC_WARN_64_TO_32_BIT_CONVERSION = YES;
				GCC_WARN_ABOUT_RETURN_TYPE = YES_ERROR;
				GCC_WARN_UNDECLARED_SELECTOR = YES;
				GCC_WARN_UNINITIALIZED_AUTOS = YES_AGGRESSIVE;
				GCC_WARN_UNUSED_FUNCTION = YES;
				GCC_WARN_UNUSED_VARIABLE = YES;
				MACOSX_DEPLOYMENT_TARGET = 10.14;
				MTL_ENABLE_DEBUG_INFO = INCLUDE_SOURCE;
				MTL_FAST_MATH = YES;
				ONLY_ACTIVE_ARCH = YES;
				SDKROOT = macosx;
				SWIFT_ACTIVE_COMPILATION_CONDITIONS = DEBUG;
				SWIFT_OPTIMIZATION_LEVEL = "-Onone";
			};
			name = Debug;
		};
		CF59E733241DA2D600A7C5EC /* Release */ = {
			isa = XCBuildConfiguration;
			buildSettings = {
				ALWAYS_SEARCH_USER_PATHS = NO;
				CLANG_ANALYZER_LOCALIZABILITY_NONLOCALIZED = YES;
				CLANG_ANALYZER_NONNULL = YES;
				CLANG_ANALYZER_NUMBER_OBJECT_CONVERSION = YES_AGGRESSIVE;
				CLANG_CXX_LANGUAGE_STANDARD = "gnu++14";
				CLANG_CXX_LIBRARY = "libc++";
				CLANG_ENABLE_MODULES = YES;
				CLANG_ENABLE_OBJC_ARC = YES;
				CLANG_ENABLE_OBJC_WEAK = YES;
				CLANG_WARN_BLOCK_CAPTURE_AUTORELEASING = YES;
				CLANG_WARN_BOOL_CONVERSION = YES;
				CLANG_WARN_COMMA = YES;
				CLANG_WARN_CONSTANT_CONVERSION = YES;
				CLANG_WARN_DEPRECATED_OBJC_IMPLEMENTATIONS = YES;
				CLANG_WARN_DIRECT_OBJC_ISA_USAGE = YES_ERROR;
				CLANG_WARN_DOCUMENTATION_COMMENTS = YES;
				CLANG_WARN_EMPTY_BODY = YES;
				CLANG_WARN_ENUM_CONVERSION = YES;
				CLANG_WARN_INFINITE_RECURSION = YES;
				CLANG_WARN_INT_CONVERSION = YES;
				CLANG_WARN_NON_LITERAL_NULL_CONVERSION = YES;
				CLANG_WARN_OBJC_IMPLICIT_RETAIN_SELF = YES;
				CLANG_WARN_OBJC_LITERAL_CONVERSION = YES;
				CLANG_WARN_OBJC_ROOT_CLASS = YES_ERROR;
				CLANG_WARN_QUOTED_INCLUDE_IN_FRAMEWORK_HEADER = YES;
				CLANG_WARN_RANGE_LOOP_ANALYSIS = YES;
				CLANG_WARN_STRICT_PROTOTYPES = YES;
				CLANG_WARN_SUSPICIOUS_MOVE = YES;
				CLANG_WARN_UNGUARDED_AVAILABILITY = YES_AGGRESSIVE;
				CLANG_WARN_UNREACHABLE_CODE = YES;
				CLANG_WARN__DUPLICATE_METHOD_MATCH = YES;
				COPY_PHASE_STRIP = NO;
				DEBUG_INFORMATION_FORMAT = "dwarf-with-dsym";
				ENABLE_NS_ASSERTIONS = NO;
				ENABLE_STRICT_OBJC_MSGSEND = YES;
				GCC_C_LANGUAGE_STANDARD = gnu11;
				GCC_NO_COMMON_BLOCKS = YES;
				GCC_WARN_64_TO_32_BIT_CONVERSION = YES;
				GCC_WARN_ABOUT_RETURN_TYPE = YES_ERROR;
				GCC_WARN_UNDECLARED_SELECTOR = YES;
				GCC_WARN_UNINITIALIZED_AUTOS = YES_AGGRESSIVE;
				GCC_WARN_UNUSED_FUNCTION = YES;
				GCC_WARN_UNUSED_VARIABLE = YES;
				MACOSX_DEPLOYMENT_TARGET = 10.14;
				MTL_ENABLE_DEBUG_INFO = NO;
				MTL_FAST_MATH = YES;
				SDKROOT = macosx;
				SWIFT_COMPILATION_MODE = wholemodule;
				SWIFT_OPTIMIZATION_LEVEL = "-O";
			};
			name = Release;
		};
		CF59E735241DA2D600A7C5EC /* Debug */ = {
			isa = XCBuildConfiguration;
			buildSettings = {
				ARCHS = "$(NATIVE_ARCH_ACTUAL)";
				ASSETCATALOG_COMPILER_APPICON_NAME = AppIcon;
				CODE_SIGN_ENTITLEMENTS = "OC Gen-X/OC_Gen_X.entitlements";
				CODE_SIGN_IDENTITY = "Apple Development";
				CODE_SIGN_STYLE = Automatic;
				COMBINE_HIDPI_IMAGES = YES;
				CURRENT_PROJECT_VERSION = 1;
				DEVELOPMENT_TEAM = 5DG8PLV54H;
				ENABLE_HARDENED_RUNTIME = NO;
				FRAMEWORK_SEARCH_PATHS = (
					"$(inherited)",
					"$(PROJECT_DIR)/OC\\ Gen-X",
					"$(PROJECT_DIR)/OC\\ Gen-X",
					"$(PROJECT_DIR)/OC\\ Gen-X",
				);
				INFOPLIST_FILE = "OC Gen-X/Info.plist";
				LD_RUNPATH_SEARCH_PATHS = (
					"@loader_path/../Frameworks",
					"@executable_path/../Frameworks",
				);
				MACOSX_DEPLOYMENT_TARGET = 10.13;
				MARKETING_VERSION = 2.6.3;
				PRODUCT_BUNDLE_IDENTIFIER = "com.oc-gen-x.OC-Gen-X";
				PRODUCT_NAME = "$(TARGET_NAME)";
				PROVISIONING_PROFILE_SPECIFIER = "";
				SWIFT_VERSION = 4.2;
			};
			name = Debug;
		};
		CF59E736241DA2D600A7C5EC /* Release */ = {
			isa = XCBuildConfiguration;
			buildSettings = {
				ARCHS = "$(NATIVE_ARCH_ACTUAL)";
				ASSETCATALOG_COMPILER_APPICON_NAME = AppIcon;
				CODE_SIGN_ENTITLEMENTS = "OC Gen-X/OC_Gen_X.entitlements";
				CODE_SIGN_IDENTITY = "Apple Development";
				CODE_SIGN_STYLE = Automatic;
				COMBINE_HIDPI_IMAGES = YES;
				CURRENT_PROJECT_VERSION = 1;
				DEVELOPMENT_TEAM = 5DG8PLV54H;
				ENABLE_HARDENED_RUNTIME = NO;
				FRAMEWORK_SEARCH_PATHS = (
					"$(inherited)",
					"$(PROJECT_DIR)/OC\\ Gen-X",
					"$(PROJECT_DIR)/OC\\ Gen-X",
					"$(PROJECT_DIR)/OC\\ Gen-X",
				);
				INFOPLIST_FILE = "OC Gen-X/Info.plist";
				LD_RUNPATH_SEARCH_PATHS = (
					"@loader_path/../Frameworks",
					"@executable_path/../Frameworks",
				);
				MACOSX_DEPLOYMENT_TARGET = 10.13;
				MARKETING_VERSION = 2.6.3;
				PRODUCT_BUNDLE_IDENTIFIER = "com.oc-gen-x.OC-Gen-X";
				PRODUCT_NAME = "$(TARGET_NAME)";
				PROVISIONING_PROFILE_SPECIFIER = "";
				SWIFT_VERSION = 4.2;
			};
			name = Release;
		};
/* End XCBuildConfiguration section */

/* Begin XCConfigurationList section */
		CF59E71F241DA2D500A7C5EC /* Build configuration list for PBXProject "OC Gen-X" */ = {
			isa = XCConfigurationList;
			buildConfigurations = (
				CF59E732241DA2D600A7C5EC /* Debug */,
				CF59E733241DA2D600A7C5EC /* Release */,
			);
			defaultConfigurationIsVisible = 0;
			defaultConfigurationName = Release;
		};
		CF59E734241DA2D600A7C5EC /* Build configuration list for PBXNativeTarget "OC Gen-X" */ = {
			isa = XCConfigurationList;
			buildConfigurations = (
				CF59E735241DA2D600A7C5EC /* Debug */,
				CF59E736241DA2D600A7C5EC /* Release */,
			);
			defaultConfigurationIsVisible = 0;
			defaultConfigurationName = Release;
		};
/* End XCConfigurationList section */
	};
	rootObject = CF59E71C241DA2D500A7C5EC /* Project object */;
}
