// !$*UTF8*$!
{
	archiveVersion = 1;
	classes = {
	};
	objectVersion = 50;
	objects = {

/* Begin PBXBuildFile section */
		CF59E728241DA2D500A7C5EC /* AppDelegate.swift in Sources */ = {isa = PBXBuildFile; fileRef = CF59E727241DA2D500A7C5EC /* AppDelegate.swift */; };
		CF59E72C241DA2D600A7C5EC /* Assets.xcassets in Resources */ = {isa = PBXBuildFile; fileRef = CF59E72B241DA2D600A7C5EC /* Assets.xcassets */; };
		CF59E72F241DA2D600A7C5EC /* Main.storyboard in Resources */ = {isa = PBXBuildFile; fileRef = CF59E72D241DA2D600A7C5EC /* Main.storyboard */; };
		CF59E738241DA56500A7C5EC /* IntelVC.swift in Sources */ = {isa = PBXBuildFile; fileRef = CF59E737241DA56500A7C5EC /* IntelVC.swift */; };
		CF59E73A241DA57A00A7C5EC /* MainVC.swift in Sources */ = {isa = PBXBuildFile; fileRef = CF59E739241DA57A00A7C5EC /* MainVC.swift */; };
		CF59E73C241DA59100A7C5EC /* AMDVC.swift in Sources */ = {isa = PBXBuildFile; fileRef = CF59E73B241DA59100A7C5EC /* AMDVC.swift */; };
		CF59E73E241DA7F500A7C5EC /* MainWindowController.swift in Sources */ = {isa = PBXBuildFile; fileRef = CF59E73D241DA7F500A7C5EC /* MainWindowController.swift */; };
		CF6F1118241E96DD00B70805 /* Root.swift in Sources */ = {isa = PBXBuildFile; fileRef = CF6F1117241E96DD00B70805 /* Root.swift */; };
		CF6F111A241E96EB00B70805 /* ACPI.swift in Sources */ = {isa = PBXBuildFile; fileRef = CF6F1119241E96EB00B70805 /* ACPI.swift */; };
		CF6F111C241E96F400B70805 /* Booter.swift in Sources */ = {isa = PBXBuildFile; fileRef = CF6F111B241E96F400B70805 /* Booter.swift */; };
		CF6F111E241E970B00B70805 /* DeviceProperties.swift in Sources */ = {isa = PBXBuildFile; fileRef = CF6F111D241E970B00B70805 /* DeviceProperties.swift */; };
		CF6F1120241E971400B70805 /* Kernel.swift in Sources */ = {isa = PBXBuildFile; fileRef = CF6F111F241E971400B70805 /* Kernel.swift */; };
		CF6F1122241E971E00B70805 /* Misc.swift in Sources */ = {isa = PBXBuildFile; fileRef = CF6F1121241E971E00B70805 /* Misc.swift */; };
		CF6F1124241E972600B70805 /* NVRAM.swift in Sources */ = {isa = PBXBuildFile; fileRef = CF6F1123241E972600B70805 /* NVRAM.swift */; };
		CF6F1126241E973600B70805 /* PlatformInfo.swift in Sources */ = {isa = PBXBuildFile; fileRef = CF6F1125241E973600B70805 /* PlatformInfo.swift */; };
		CF6F1128241E973E00B70805 /* UEFI.swift in Sources */ = {isa = PBXBuildFile; fileRef = CF6F1127241E973E00B70805 /* UEFI.swift */; };
/* End PBXBuildFile section */

/* Begin PBXFileReference section */
		CF59E724241DA2D500A7C5EC /* OC Gen-X.app */ = {isa = PBXFileReference; explicitFileType = wrapper.application; includeInIndex = 0; path = "OC Gen-X.app"; sourceTree = BUILT_PRODUCTS_DIR; };
		CF59E727241DA2D500A7C5EC /* AppDelegate.swift */ = {isa = PBXFileReference; lastKnownFileType = sourcecode.swift; path = AppDelegate.swift; sourceTree = "<group>"; };
		CF59E72B241DA2D600A7C5EC /* Assets.xcassets */ = {isa = PBXFileReference; lastKnownFileType = folder.assetcatalog; path = Assets.xcassets; sourceTree = "<group>"; };
		CF59E72E241DA2D600A7C5EC /* Base */ = {isa = PBXFileReference; lastKnownFileType = file.storyboard; name = Base; path = Base.lproj/Main.storyboard; sourceTree = "<group>"; };
		CF59E730241DA2D600A7C5EC /* Info.plist */ = {isa = PBXFileReference; lastKnownFileType = text.plist.xml; path = Info.plist; sourceTree = "<group>"; };
		CF59E731241DA2D600A7C5EC /* OC_Gen_X.entitlements */ = {isa = PBXFileReference; lastKnownFileType = text.plist.entitlements; path = OC_Gen_X.entitlements; sourceTree = "<group>"; };
		CF59E737241DA56500A7C5EC /* IntelVC.swift */ = {isa = PBXFileReference; lastKnownFileType = sourcecode.swift; path = IntelVC.swift; sourceTree = "<group>"; };
		CF59E739241DA57A00A7C5EC /* MainVC.swift */ = {isa = PBXFileReference; lastKnownFileType = sourcecode.swift; path = MainVC.swift; sourceTree = "<group>"; };
		CF59E73B241DA59100A7C5EC /* AMDVC.swift */ = {isa = PBXFileReference; lastKnownFileType = sourcecode.swift; path = AMDVC.swift; sourceTree = "<group>"; };
		CF59E73D241DA7F500A7C5EC /* MainWindowController.swift */ = {isa = PBXFileReference; lastKnownFileType = sourcecode.swift; path = MainWindowController.swift; sourceTree = "<group>"; };
		CF6F1117241E96DD00B70805 /* Root.swift */ = {isa = PBXFileReference; lastKnownFileType = sourcecode.swift; path = Root.swift; sourceTree = "<group>"; };
		CF6F1119241E96EB00B70805 /* ACPI.swift */ = {isa = PBXFileReference; lastKnownFileType = sourcecode.swift; path = ACPI.swift; sourceTree = "<group>"; };
		CF6F111B241E96F400B70805 /* Booter.swift */ = {isa = PBXFileReference; lastKnownFileType = sourcecode.swift; path = Booter.swift; sourceTree = "<group>"; };
		CF6F111D241E970B00B70805 /* DeviceProperties.swift */ = {isa = PBXFileReference; lastKnownFileType = sourcecode.swift; path = DeviceProperties.swift; sourceTree = "<group>"; };
		CF6F111F241E971400B70805 /* Kernel.swift */ = {isa = PBXFileReference; lastKnownFileType = sourcecode.swift; path = Kernel.swift; sourceTree = "<group>"; };
		CF6F1121241E971E00B70805 /* Misc.swift */ = {isa = PBXFileReference; lastKnownFileType = sourcecode.swift; path = Misc.swift; sourceTree = "<group>"; };
		CF6F1123241E972600B70805 /* NVRAM.swift */ = {isa = PBXFileReference; lastKnownFileType = sourcecode.swift; path = NVRAM.swift; sourceTree = "<group>"; };
		CF6F1125241E973600B70805 /* PlatformInfo.swift */ = {isa = PBXFileReference; lastKnownFileType = sourcecode.swift; path = PlatformInfo.swift; sourceTree = "<group>"; };
		CF6F1127241E973E00B70805 /* UEFI.swift */ = {isa = PBXFileReference; lastKnownFileType = sourcecode.swift; path = UEFI.swift; sourceTree = "<group>"; };
/* End PBXFileReference section */

/* Begin PBXFrameworksBuildPhase section */
		CF59E721241DA2D500A7C5EC /* Frameworks */ = {
			isa = PBXFrameworksBuildPhase;
			buildActionMask = 2147483647;
			files = (
			);
			runOnlyForDeploymentPostprocessing = 0;
		};
/* End PBXFrameworksBuildPhase section */

/* Begin PBXGroup section */
		CF59E71B241DA2D500A7C5EC = {
			isa = PBXGroup;
			children = (
				CF6F1116241E96C200B70805 /* Config */,
				CF8D4E66241E8B76002713CE /* SkylakeX */,
				CF8D4E65241E8B68002713CE /* BroadWellE */,
				CF8D4E64241E8B61002713CE /* HaswellE */,
				CF8D4E63241E8B57002713CE /* CoffeeLake */,
				CF8D4E62241E8B4E002713CE /* KabyLake */,
				CF8D4E61241E8B46002713CE /* Skylake */,
				CF8D4E60241E8B38002713CE /* IvyBridge */,
				CF8D4E5F241E8B1B002713CE /* Haswell */,
				CF8D4E5E241E8AFD002713CE /* 15_16h */,
				CF59E726241DA2D500A7C5EC /* OC Gen-X */,
				CF8D4E5D241E8AD8002713CE /* 17h */,
				CF59E725241DA2D500A7C5EC /* Products */,
			);
			sourceTree = "<group>";
		};
		CF59E725241DA2D500A7C5EC /* Products */ = {
			isa = PBXGroup;
			children = (
				CF59E724241DA2D500A7C5EC /* OC Gen-X.app */,
			);
			name = Products;
			sourceTree = "<group>";
		};
		CF59E726241DA2D500A7C5EC /* OC Gen-X */ = {
			isa = PBXGroup;
			children = (
				CF59E727241DA2D500A7C5EC /* AppDelegate.swift */,
				CF59E737241DA56500A7C5EC /* IntelVC.swift */,
				CF59E73B241DA59100A7C5EC /* AMDVC.swift */,
				CF59E739241DA57A00A7C5EC /* MainVC.swift */,
				CF59E73D241DA7F500A7C5EC /* MainWindowController.swift */,
				CF59E72B241DA2D600A7C5EC /* Assets.xcassets */,
				CF59E72D241DA2D600A7C5EC /* Main.storyboard */,
				CF59E730241DA2D600A7C5EC /* Info.plist */,
				CF59E731241DA2D600A7C5EC /* OC_Gen_X.entitlements */,
			);
			path = "OC Gen-X";
			sourceTree = "<group>";
		};
		CF6F1116241E96C200B70805 /* Config */ = {
			isa = PBXGroup;
			children = (
				CF6F1117241E96DD00B70805 /* Root.swift */,
				CF6F1119241E96EB00B70805 /* ACPI.swift */,
				CF6F111B241E96F400B70805 /* Booter.swift */,
				CF6F111D241E970B00B70805 /* DeviceProperties.swift */,
				CF6F111F241E971400B70805 /* Kernel.swift */,
				CF6F1121241E971E00B70805 /* Misc.swift */,
				CF6F1123241E972600B70805 /* NVRAM.swift */,
				CF6F1125241E973600B70805 /* PlatformInfo.swift */,
				CF6F1127241E973E00B70805 /* UEFI.swift */,
			);
			path = Config;
			sourceTree = "<group>";
		};
		CF8D4E5D241E8AD8002713CE /* 17h */ = {
			isa = PBXGroup;
			children = (
			);
			path = 17h;
			sourceTree = "<group>";
		};
		CF8D4E5E241E8AFD002713CE /* 15_16h */ = {
			isa = PBXGroup;
			children = (
			);
			path = 15_16h;
			sourceTree = "<group>";
		};
		CF8D4E5F241E8B1B002713CE /* Haswell */ = {
			isa = PBXGroup;
			children = (
			);
			path = Haswell;
			sourceTree = "<group>";
		};
		CF8D4E60241E8B38002713CE /* IvyBridge */ = {
			isa = PBXGroup;
			children = (
			);
			path = IvyBridge;
			sourceTree = "<group>";
		};
		CF8D4E61241E8B46002713CE /* Skylake */ = {
			isa = PBXGroup;
			children = (
			);
			path = Skylake;
			sourceTree = "<group>";
		};
		CF8D4E62241E8B4E002713CE /* KabyLake */ = {
			isa = PBXGroup;
			children = (
			);
			path = KabyLake;
			sourceTree = "<group>";
		};
		CF8D4E63241E8B57002713CE /* CoffeeLake */ = {
			isa = PBXGroup;
			children = (
			);
			path = CoffeeLake;
			sourceTree = "<group>";
		};
		CF8D4E64241E8B61002713CE /* HaswellE */ = {
			isa = PBXGroup;
			children = (
			);
			path = HaswellE;
			sourceTree = "<group>";
		};
		CF8D4E65241E8B68002713CE /* BroadWellE */ = {
			isa = PBXGroup;
			children = (
			);
			path = BroadWellE;
			sourceTree = "<group>";
		};
		CF8D4E66241E8B76002713CE /* SkylakeX */ = {
			isa = PBXGroup;
			children = (
			);
			path = SkylakeX;
			sourceTree = "<group>";
		};
/* End PBXGroup section */

/* Begin PBXNativeTarget section */
		CF59E723241DA2D500A7C5EC /* OC Gen-X */ = {
			isa = PBXNativeTarget;
			buildConfigurationList = CF59E734241DA2D600A7C5EC /* Build configuration list for PBXNativeTarget "OC Gen-X" */;
			buildPhases = (
				CF59E720241DA2D500A7C5EC /* Sources */,
				CF59E721241DA2D500A7C5EC /* Frameworks */,
				CF59E722241DA2D500A7C5EC /* Resources */,
			);
			buildRules = (
			);
			dependencies = (
			);
			name = "OC Gen-X";
			productName = "OC Gen-X";
			productReference = CF59E724241DA2D500A7C5EC /* OC Gen-X.app */;
			productType = "com.apple.product-type.application";
		};
/* End PBXNativeTarget section */

/* Begin PBXProject section */
		CF59E71C241DA2D500A7C5EC /* Project object */ = {
			isa = PBXProject;
			attributes = {
				LastSwiftUpdateCheck = 1130;
				LastUpgradeCheck = 1130;
				ORGANIZATIONNAME = "Henry Brock";
				TargetAttributes = {
					CF59E723241DA2D500A7C5EC = {
						CreatedOnToolsVersion = 11.3.1;
					};
				};
			};
			buildConfigurationList = CF59E71F241DA2D500A7C5EC /* Build configuration list for PBXProject "OC Gen-X" */;
			compatibilityVersion = "Xcode 9.3";
			developmentRegion = en;
			hasScannedForEncodings = 0;
			knownRegions = (
				en,
				Base,
			);
			mainGroup = CF59E71B241DA2D500A7C5EC;
			productRefGroup = CF59E725241DA2D500A7C5EC /* Products */;
			projectDirPath = "";
			projectRoot = "";
			targets = (
				CF59E723241DA2D500A7C5EC /* OC Gen-X */,
			);
		};
/* End PBXProject section */

/* Begin PBXResourcesBuildPhase section */
		CF59E722241DA2D500A7C5EC /* Resources */ = {
			isa = PBXResourcesBuildPhase;
			buildActionMask = 2147483647;
			files = (
				CF59E72C241DA2D600A7C5EC /* Assets.xcassets in Resources */,
				CF59E72F241DA2D600A7C5EC /* Main.storyboard in Resources */,
			);
			runOnlyForDeploymentPostprocessing = 0;
		};
/* End PBXResourcesBuildPhase section */

/* Begin PBXSourcesBuildPhase section */
		CF59E720241DA2D500A7C5EC /* Sources */ = {
			isa = PBXSourcesBuildPhase;
			buildActionMask = 2147483647;
			files = (
				CF6F1126241E973600B70805 /* PlatformInfo.swift in Sources */,
				CF6F1120241E971400B70805 /* Kernel.swift in Sources */,
				CF6F111A241E96EB00B70805 /* ACPI.swift in Sources */,
				CF59E73A241DA57A00A7C5EC /* MainVC.swift in Sources */,
				CF6F111C241E96F400B70805 /* Booter.swift in Sources */,
				CF59E738241DA56500A7C5EC /* IntelVC.swift in Sources */,
				CF6F1122241E971E00B70805 /* Misc.swift in Sources */,
				CF6F1124241E972600B70805 /* NVRAM.swift in Sources */,
				CF59E73C241DA59100A7C5EC /* AMDVC.swift in Sources */,
				CF59E728241DA2D500A7C5EC /* AppDelegate.swift in Sources */,
				CF6F1128241E973E00B70805 /* UEFI.swift in Sources */,
				CF59E73E241DA7F500A7C5EC /* MainWindowController.swift in Sources */,
				CF6F1118241E96DD00B70805 /* Root.swift in Sources */,
				CF6F111E241E970B00B70805 /* DeviceProperties.swift in Sources */,
			);
			runOnlyForDeploymentPostprocessing = 0;
		};
/* End PBXSourcesBuildPhase section */

/* Begin PBXVariantGroup section */
		CF59E72D241DA2D600A7C5EC /* Main.storyboard */ = {
			isa = PBXVariantGroup;
			children = (
				CF59E72E241DA2D600A7C5EC /* Base */,
			);
			name = Main.storyboard;
			sourceTree = "<group>";
		};
/* End PBXVariantGroup section */

/* Begin XCBuildConfiguration section */
		CF59E732241DA2D600A7C5EC /* Debug */ = {
			isa = XCBuildConfiguration;
			buildSettings = {
				ALWAYS_SEARCH_USER_PATHS = NO;
				CLANG_ANALYZER_NONNULL = YES;
				CLANG_ANALYZER_NUMBER_OBJECT_CONVERSION = YES_AGGRESSIVE;
				CLANG_CXX_LANGUAGE_STANDARD = "gnu++14";
				CLANG_CXX_LIBRARY = "libc++";
				CLANG_ENABLE_MODULES = YES;
				CLANG_ENABLE_OBJC_ARC = YES;
				CLANG_ENABLE_OBJC_WEAK = YES;
				CLANG_WARN_BLOCK_CAPTURE_AUTORELEASING = YES;
				CLANG_WARN_BOOL_CONVERSION = YES;
				CLANG_WARN_COMMA = YES;
				CLANG_WARN_CONSTANT_CONVERSION = YES;
				CLANG_WARN_DEPRECATED_OBJC_IMPLEMENTATIONS = YES;
				CLANG_WARN_DIRECT_OBJC_ISA_USAGE = YES_ERROR;
				CLANG_WARN_DOCUMENTATION_COMMENTS = YES;
				CLANG_WARN_EMPTY_BODY = YES;
				CLANG_WARN_ENUM_CONVERSION = YES;
				CLANG_WARN_INFINITE_RECURSION = YES;
				CLANG_WARN_INT_CONVERSION = YES;
				CLANG_WARN_NON_LITERAL_NULL_CONVERSION = YES;
				CLANG_WARN_OBJC_IMPLICIT_RETAIN_SELF = YES;
				CLANG_WARN_OBJC_LITERAL_CONVERSION = YES;
				CLANG_WARN_OBJC_ROOT_CLASS = YES_ERROR;
				CLANG_WARN_RANGE_LOOP_ANALYSIS = YES;
				CLANG_WARN_STRICT_PROTOTYPES = YES;
				CLANG_WARN_SUSPICIOUS_MOVE = YES;
				CLANG_WARN_UNGUARDED_AVAILABILITY = YES_AGGRESSIVE;
				CLANG_WARN_UNREACHABLE_CODE = YES;
				CLANG_WARN__DUPLICATE_METHOD_MATCH = YES;
				COPY_PHASE_STRIP = NO;
				DEBUG_INFORMATION_FORMAT = dwarf;
				ENABLE_STRICT_OBJC_MSGSEND = YES;
				ENABLE_TESTABILITY = YES;
				GCC_C_LANGUAGE_STANDARD = gnu11;
				GCC_DYNAMIC_NO_PIC = NO;
				GCC_NO_COMMON_BLOCKS = YES;
				GCC_OPTIMIZATION_LEVEL = 0;
				GCC_PREPROCESSOR_DEFINITIONS = (
					"DEBUG=1",
					"$(inherited)",
				);
				GCC_WARN_64_TO_32_BIT_CONVERSION = YES;
				GCC_WARN_ABOUT_RETURN_TYPE = YES_ERROR;
				GCC_WARN_UNDECLARED_SELECTOR = YES;
				GCC_WARN_UNINITIALIZED_AUTOS = YES_AGGRESSIVE;
				GCC_WARN_UNUSED_FUNCTION = YES;
				GCC_WARN_UNUSED_VARIABLE = YES;
				MACOSX_DEPLOYMENT_TARGET = 10.14;
				MTL_ENABLE_DEBUG_INFO = INCLUDE_SOURCE;
				MTL_FAST_MATH = YES;
				ONLY_ACTIVE_ARCH = YES;
				SDKROOT = macosx;
				SWIFT_ACTIVE_COMPILATION_CONDITIONS = DEBUG;
				SWIFT_OPTIMIZATION_LEVEL = "-Onone";
			};
			name = Debug;
		};
		CF59E733241DA2D600A7C5EC /* Release */ = {
			isa = XCBuildConfiguration;
			buildSettings = {
				ALWAYS_SEARCH_USER_PATHS = NO;
				CLANG_ANALYZER_NONNULL = YES;
				CLANG_ANALYZER_NUMBER_OBJECT_CONVERSION = YES_AGGRESSIVE;
				CLANG_CXX_LANGUAGE_STANDARD = "gnu++14";
				CLANG_CXX_LIBRARY = "libc++";
				CLANG_ENABLE_MODULES = YES;
				CLANG_ENABLE_OBJC_ARC = YES;
				CLANG_ENABLE_OBJC_WEAK = YES;
				CLANG_WARN_BLOCK_CAPTURE_AUTORELEASING = YES;
				CLANG_WARN_BOOL_CONVERSION = YES;
				CLANG_WARN_COMMA = YES;
				CLANG_WARN_CONSTANT_CONVERSION = YES;
				CLANG_WARN_DEPRECATED_OBJC_IMPLEMENTATIONS = YES;
				CLANG_WARN_DIRECT_OBJC_ISA_USAGE = YES_ERROR;
				CLANG_WARN_DOCUMENTATION_COMMENTS = YES;
				CLANG_WARN_EMPTY_BODY = YES;
				CLANG_WARN_ENUM_CONVERSION = YES;
				CLANG_WARN_INFINITE_RECURSION = YES;
				CLANG_WARN_INT_CONVERSION = YES;
				CLANG_WARN_NON_LITERAL_NULL_CONVERSION = YES;
				CLANG_WARN_OBJC_IMPLICIT_RETAIN_SELF = YES;
				CLANG_WARN_OBJC_LITERAL_CONVERSION = YES;
				CLANG_WARN_OBJC_ROOT_CLASS = YES_ERROR;
				CLANG_WARN_RANGE_LOOP_ANALYSIS = YES;
				CLANG_WARN_STRICT_PROTOTYPES = YES;
				CLANG_WARN_SUSPICIOUS_MOVE = YES;
				CLANG_WARN_UNGUARDED_AVAILABILITY = YES_AGGRESSIVE;
				CLANG_WARN_UNREACHABLE_CODE = YES;
				CLANG_WARN__DUPLICATE_METHOD_MATCH = YES;
				COPY_PHASE_STRIP = NO;
				DEBUG_INFORMATION_FORMAT = "dwarf-with-dsym";
				ENABLE_NS_ASSERTIONS = NO;
				ENABLE_STRICT_OBJC_MSGSEND = YES;
				GCC_C_LANGUAGE_STANDARD = gnu11;
				GCC_NO_COMMON_BLOCKS = YES;
				GCC_WARN_64_TO_32_BIT_CONVERSION = YES;
				GCC_WARN_ABOUT_RETURN_TYPE = YES_ERROR;
				GCC_WARN_UNDECLARED_SELECTOR = YES;
				GCC_WARN_UNINITIALIZED_AUTOS = YES_AGGRESSIVE;
				GCC_WARN_UNUSED_FUNCTION = YES;
				GCC_WARN_UNUSED_VARIABLE = YES;
				MACOSX_DEPLOYMENT_TARGET = 10.14;
				MTL_ENABLE_DEBUG_INFO = NO;
				MTL_FAST_MATH = YES;
				SDKROOT = macosx;
				SWIFT_COMPILATION_MODE = wholemodule;
				SWIFT_OPTIMIZATION_LEVEL = "-O";
			};
			name = Release;
		};
		CF59E735241DA2D600A7C5EC /* Debug */ = {
			isa = XCBuildConfiguration;
			buildSettings = {
				ASSETCATALOG_COMPILER_APPICON_NAME = AppIcon;
				CODE_SIGN_ENTITLEMENTS = "OC Gen-X/OC_Gen_X.entitlements";
				CODE_SIGN_STYLE = Automatic;
				COMBINE_HIDPI_IMAGES = YES;
				DEVELOPMENT_TEAM = 5DG8PLV54H;
				ENABLE_HARDENED_RUNTIME = NO;
				INFOPLIST_FILE = "OC Gen-X/Info.plist";
				LD_RUNPATH_SEARCH_PATHS = (
					"$(inherited)",
					"@executable_path/../Frameworks",
				);
				PRODUCT_BUNDLE_IDENTIFIER = "com.oc-gen-x.OC-Gen-X";
				PRODUCT_NAME = "$(TARGET_NAME)";
				SWIFT_VERSION = 5.0;
			};
			name = Debug;
		};
		CF59E736241DA2D600A7C5EC /* Release */ = {
			isa = XCBuildConfiguration;
			buildSettings = {
				ASSETCATALOG_COMPILER_APPICON_NAME = AppIcon;
				CODE_SIGN_ENTITLEMENTS = "OC Gen-X/OC_Gen_X.entitlements";
				CODE_SIGN_STYLE = Automatic;
				COMBINE_HIDPI_IMAGES = YES;
				DEVELOPMENT_TEAM = 5DG8PLV54H;
				ENABLE_HARDENED_RUNTIME = NO;
				INFOPLIST_FILE = "OC Gen-X/Info.plist";
				LD_RUNPATH_SEARCH_PATHS = (
					"$(inherited)",
					"@executable_path/../Frameworks",
				);
				PRODUCT_BUNDLE_IDENTIFIER = "com.oc-gen-x.OC-Gen-X";
				PRODUCT_NAME = "$(TARGET_NAME)";
				SWIFT_VERSION = 5.0;
			};
			name = Release;
		};
/* End XCBuildConfiguration section */

/* Begin XCConfigurationList section */
		CF59E71F241DA2D500A7C5EC /* Build configuration list for PBXProject "OC Gen-X" */ = {
			isa = XCConfigurationList;
			buildConfigurations = (
				CF59E732241DA2D600A7C5EC /* Debug */,
				CF59E733241DA2D600A7C5EC /* Release */,
			);
			defaultConfigurationIsVisible = 0;
			defaultConfigurationName = Release;
		};
		CF59E734241DA2D600A7C5EC /* Build configuration list for PBXNativeTarget "OC Gen-X" */ = {
			isa = XCConfigurationList;
			buildConfigurations = (
				CF59E735241DA2D600A7C5EC /* Debug */,
				CF59E736241DA2D600A7C5EC /* Release */,
			);
			defaultConfigurationIsVisible = 0;
			defaultConfigurationName = Release;
		};
/* End XCConfigurationList section */
	};
	rootObject = CF59E71C241DA2D500A7C5EC /* Project object */;
}
