// !$*UTF8*$!
{
	archiveVersion = 1;
	classes = {
	};
	objectVersion = 50;
	objects = {

/* Begin PBXBuildFile section */
		CF1BF83F2641768B00A794BE /* IntelMausi.kext in Resources */ = {isa = PBXBuildFile; fileRef = CF1BF83E2641768B00A794BE /* IntelMausi.kext */; };
		CF2D7720256196BF00D7507C /* trx40.swift in Sources */ = {isa = PBXBuildFile; fileRef = CF2D771F256196BF00D7507C /* trx40.swift */; };
		CF4B049E249EBD4B00690FB2 /* LucyRTL8125Ethernet.kext in Resources */ = {isa = PBXBuildFile; fileRef = CF4B049D249EBD4B00690FB2 /* LucyRTL8125Ethernet.kext */; };
		CF4C200F243D06B700D2F187 /* AppleMCEReporterDisabler.kext in Resources */ = {isa = PBXBuildFile; fileRef = CF4C200C243D06B700D2F187 /* AppleMCEReporterDisabler.kext */; };
		CF4C2010243D06B700D2F187 /* SmallTreeIntel82576.kext in Resources */ = {isa = PBXBuildFile; fileRef = CF4C200D243D06B700D2F187 /* SmallTreeIntel82576.kext */; };
		CF4C2014243D06D300D2F187 /* USBInjectAll.kext in Resources */ = {isa = PBXBuildFile; fileRef = CF4C2013243D06D300D2F187 /* USBInjectAll.kext */; };
		CF4C2016243D06E100D2F187 /* RealtekRTL8111.kext in Resources */ = {isa = PBXBuildFile; fileRef = CF4C2015243D06E100D2F187 /* RealtekRTL8111.kext */; };
		CF4C2018243D06EC00D2F187 /* AtherosE2200Ethernet.kext in Resources */ = {isa = PBXBuildFile; fileRef = CF4C2017243D06EC00D2F187 /* AtherosE2200Ethernet.kext */; };
		CF59E728241DA2D500A7C5EC /* AppDelegate.swift in Sources */ = {isa = PBXBuildFile; fileRef = CF59E727241DA2D500A7C5EC /* AppDelegate.swift */; };
		CF59E72F241DA2D600A7C5EC /* Main.storyboard in Resources */ = {isa = PBXBuildFile; fileRef = CF59E72D241DA2D600A7C5EC /* Main.storyboard */; };
		CF59E73A241DA57A00A7C5EC /* MainVC.swift in Sources */ = {isa = PBXBuildFile; fileRef = CF59E739241DA57A00A7C5EC /* MainVC.swift */; };
		CF59E73E241DA7F500A7C5EC /* MainWindowController.swift in Sources */ = {isa = PBXBuildFile; fileRef = CF59E73D241DA7F500A7C5EC /* MainWindowController.swift */; };
		CF67259E261F3F9600B8A5C3 /* BrcmPatchRAM2.kext in Resources */ = {isa = PBXBuildFile; fileRef = CF67259A261F3F9600B8A5C3 /* BrcmPatchRAM2.kext */; };
		CF67259F261F3F9600B8A5C3 /* BrcmBluetoothInjector.kext in Resources */ = {isa = PBXBuildFile; fileRef = CF67259B261F3F9600B8A5C3 /* BrcmBluetoothInjector.kext */; };
		CF6725A0261F3F9600B8A5C3 /* BrcmFirmwareData.kext in Resources */ = {isa = PBXBuildFile; fileRef = CF67259C261F3F9600B8A5C3 /* BrcmFirmwareData.kext */; };
		CF6725A1261F3F9600B8A5C3 /* BrcmPatchRAM3.kext in Resources */ = {isa = PBXBuildFile; fileRef = CF67259D261F3F9600B8A5C3 /* BrcmPatchRAM3.kext */; };
		CF6F1118241E96DD00B70805 /* Root.swift in Sources */ = {isa = PBXBuildFile; fileRef = CF6F1117241E96DD00B70805 /* Root.swift */; };
		CF6F111A241E96EB00B70805 /* ACPI.swift in Sources */ = {isa = PBXBuildFile; fileRef = CF6F1119241E96EB00B70805 /* ACPI.swift */; };
		CF6F111C241E96F400B70805 /* Booter.swift in Sources */ = {isa = PBXBuildFile; fileRef = CF6F111B241E96F400B70805 /* Booter.swift */; };
		CF6F111E241E970B00B70805 /* DeviceProperties.swift in Sources */ = {isa = PBXBuildFile; fileRef = CF6F111D241E970B00B70805 /* DeviceProperties.swift */; };
		CF6F1120241E971400B70805 /* Kernel.swift in Sources */ = {isa = PBXBuildFile; fileRef = CF6F111F241E971400B70805 /* Kernel.swift */; };
		CF6F1122241E971E00B70805 /* Misc.swift in Sources */ = {isa = PBXBuildFile; fileRef = CF6F1121241E971E00B70805 /* Misc.swift */; };
		CF6F1124241E972600B70805 /* NVRAM.swift in Sources */ = {isa = PBXBuildFile; fileRef = CF6F1123241E972600B70805 /* NVRAM.swift */; };
		CF6F1126241E973600B70805 /* PlatformInfo.swift in Sources */ = {isa = PBXBuildFile; fileRef = CF6F1125241E973600B70805 /* PlatformInfo.swift */; };
		CF6F1128241E973E00B70805 /* UEFI.swift in Sources */ = {isa = PBXBuildFile; fileRef = CF6F1127241E973E00B70805 /* UEFI.swift */; };
		CF77A0B6256C2D100082464D /* macpro61.png in Resources */ = {isa = PBXBuildFile; fileRef = CF77A0B1256C2D100082464D /* macpro61.png */; };
		CF77A0B7256C2D100082464D /* macpro71.png in Resources */ = {isa = PBXBuildFile; fileRef = CF77A0B2256C2D100082464D /* macpro71.png */; };
		CF77A0B8256C2D100082464D /* macpro.png in Resources */ = {isa = PBXBuildFile; fileRef = CF77A0B3256C2D100082464D /* macpro.png */; };
		CF77A0B9256C2D100082464D /* imacpro.png in Resources */ = {isa = PBXBuildFile; fileRef = CF77A0B4256C2D100082464D /* imacpro.png */; };
		CF77A0BA256C2D100082464D /* imac.png in Resources */ = {isa = PBXBuildFile; fileRef = CF77A0B5256C2D100082464D /* imac.png */; };
		CF8037A7266E831E003F7BB0 /* BOOTx64.efi in Resources */ = {isa = PBXBuildFile; fileRef = CF8037A6266E831E003F7BB0 /* BOOTx64.efi */; };
		CF8037A9266E8330003F7BB0 /* OpenCore.efi in Resources */ = {isa = PBXBuildFile; fileRef = CF8037A8266E8330003F7BB0 /* OpenCore.efi */; };
		CF8037AB266E8350003F7BB0 /* macserial in Resources */ = {isa = PBXBuildFile; fileRef = CF8037AA266E8350003F7BB0 /* macserial */; };
		CF8037B0266E838D003F7BB0 /* OpenRuntime.efi in Resources */ = {isa = PBXBuildFile; fileRef = CF8037AC266E838D003F7BB0 /* OpenRuntime.efi */; };
		CF8037B1266E838D003F7BB0 /* NvmExpressDxe.efi in Resources */ = {isa = PBXBuildFile; fileRef = CF8037AD266E838D003F7BB0 /* NvmExpressDxe.efi */; };
		CF8037B2266E838D003F7BB0 /* XhciDxe.efi in Resources */ = {isa = PBXBuildFile; fileRef = CF8037AE266E838D003F7BB0 /* XhciDxe.efi */; };
		CF8037B3266E838D003F7BB0 /* OpenUsbKbDxe.efi in Resources */ = {isa = PBXBuildFile; fileRef = CF8037AF266E838D003F7BB0 /* OpenUsbKbDxe.efi */; };
		CF8037B4266E83C5003F7BB0 /* macserial in CopyFiles */ = {isa = PBXBuildFile; fileRef = CF8037AA266E8350003F7BB0 /* macserial */; settings = {ATTRIBUTES = (CodeSignOnCopy, ); }; };
		CF8037B6266E842A003F7BB0 /* Lilu.kext in Resources */ = {isa = PBXBuildFile; fileRef = CF8037B5266E842A003F7BB0 /* Lilu.kext */; };
		CF8037B8266E845D003F7BB0 /* AppleALC.kext in Resources */ = {isa = PBXBuildFile; fileRef = CF8037B7266E845D003F7BB0 /* AppleALC.kext */; };
		CF8037BF266E8492003F7BB0 /* SMCBatteryManager.kext in Resources */ = {isa = PBXBuildFile; fileRef = CF8037B9266E8492003F7BB0 /* SMCBatteryManager.kext */; };
		CF8037C0266E8492003F7BB0 /* SMCSuperIO.kext in Resources */ = {isa = PBXBuildFile; fileRef = CF8037BA266E8492003F7BB0 /* SMCSuperIO.kext */; };
		CF8037C1266E8492003F7BB0 /* VirtualSMC.kext in Resources */ = {isa = PBXBuildFile; fileRef = CF8037BB266E8492003F7BB0 /* VirtualSMC.kext */; };
		CF8037C2266E8492003F7BB0 /* SMCDellSensors.kext in Resources */ = {isa = PBXBuildFile; fileRef = CF8037BC266E8492003F7BB0 /* SMCDellSensors.kext */; };
		CF8037C3266E8492003F7BB0 /* SMCLightSensor.kext in Resources */ = {isa = PBXBuildFile; fileRef = CF8037BD266E8492003F7BB0 /* SMCLightSensor.kext */; };
		CF8037C4266E8492003F7BB0 /* SMCProcessor.kext in Resources */ = {isa = PBXBuildFile; fileRef = CF8037BE266E8492003F7BB0 /* SMCProcessor.kext */; };
		CF8037C6266E84C7003F7BB0 /* WhateverGreen.kext in Resources */ = {isa = PBXBuildFile; fileRef = CF8037C5266E84C7003F7BB0 /* WhateverGreen.kext */; };
		CF8B211925C781FE00596150 /* XPCServices in Resources */ = {isa = PBXBuildFile; fileRef = CF8B211725C781FE00596150 /* XPCServices */; };
		CF8B211A25C7821300596150 /* Sparkle.framework in Frameworks */ = {isa = PBXBuildFile; fileRef = CF8B211625C781FE00596150 /* Sparkle.framework */; };
		CF8B211B25C7821300596150 /* Sparkle.framework in Embed Frameworks */ = {isa = PBXBuildFile; fileRef = CF8B211625C781FE00596150 /* Sparkle.framework */; settings = {ATTRIBUTES = (CodeSignOnCopy, RemoveHeadersOnCopy, ); }; };
		CF92213125C9E58A00CBD096 /* generate_keys in Resources */ = {isa = PBXBuildFile; fileRef = CF92212F25C9E58A00CBD096 /* generate_keys */; };
		CF92213225C9E58A00CBD096 /* generate_appcast in Resources */ = {isa = PBXBuildFile; fileRef = CF92213025C9E58A00CBD096 /* generate_appcast */; };
		CFC0F3BA256EA9BF00549048 /* AGPM.swift in Sources */ = {isa = PBXBuildFile; fileRef = CFC0F3B9256EA9BF00549048 /* AGPM.swift */; };
		CFDE3E8B252B8A4B004AE661 /* HfsPlus.efi in Resources */ = {isa = PBXBuildFile; fileRef = CFDE3E8A252B8A4B004AE661 /* HfsPlus.efi */; };
		CFE16259260CF94D00F4616C /* sandybridge.swift in Sources */ = {isa = PBXBuildFile; fileRef = CFE16258260CF94D00F4616C /* sandybridge.swift */; };
		CFE8A230249E662400D72669 /* AppIcon.xcassets in Resources */ = {isa = PBXBuildFile; fileRef = CFE8A22F249E662400D72669 /* AppIcon.xcassets */; };
		CFEAE82125A3C2A900356BE8 /* AirportBrcmFixup.kext in Resources */ = {isa = PBXBuildFile; fileRef = CFEAE82025A3C2A900356BE8 /* AirportBrcmFixup.kext */; };
		CFEE63DB261F422300F708D3 /* ryzen.plist in Resources */ = {isa = PBXBuildFile; fileRef = CFEE63DA261F422300F708D3 /* ryzen.plist */; };
		CFEE63DD261F571100F708D3 /* proxmox.plist in Resources */ = {isa = PBXBuildFile; fileRef = CFEE63DC261F571100F708D3 /* proxmox.plist */; };
		CFEE63DF261F577D00F708D3 /* threadripper.plist in Resources */ = {isa = PBXBuildFile; fileRef = CFEE63DE261F577D00F708D3 /* threadripper.plist */; };
		D5B5BBF824A7B6CC004E5D7C /* HyperlinkTextField.swift in Sources */ = {isa = PBXBuildFile; fileRef = D5B5BBF724A7B6CC004E5D7C /* HyperlinkTextField.swift */; };
/* End PBXBuildFile section */

/* Begin PBXCopyFilesBuildPhase section */
		CF12199925C5E3DC006A07B0 /* Embed Frameworks */ = {
			isa = PBXCopyFilesBuildPhase;
			buildActionMask = 2147483647;
			dstPath = "";
			dstSubfolderSpec = 10;
			files = (
				CF8B211B25C7821300596150 /* Sparkle.framework in Embed Frameworks */,
			);
			name = "Embed Frameworks";
			runOnlyForDeploymentPostprocessing = 0;
		};
		CF591D2825ACA38500AEEE1F /* CopyFiles */ = {
			isa = PBXCopyFilesBuildPhase;
			buildActionMask = 2147483647;
			dstPath = "";
			dstSubfolderSpec = 6;
			files = (
				CF8037B4266E83C5003F7BB0 /* macserial in CopyFiles */,
			);
			runOnlyForDeploymentPostprocessing = 0;
		};
/* End PBXCopyFilesBuildPhase section */

/* Begin PBXFileReference section */
		B896CFA1249F24E50061F934 /* ko */ = {isa = PBXFileReference; lastKnownFileType = text.plist.strings; name = ko; path = ko.lproj/Main.strings; sourceTree = "<group>"; };
		CF1BF83E2641768B00A794BE /* IntelMausi.kext */ = {isa = PBXFileReference; lastKnownFileType = "wrapper.kernel-extension"; path = IntelMausi.kext; sourceTree = "<group>"; };
		CF2D771F256196BF00D7507C /* trx40.swift */ = {isa = PBXFileReference; lastKnownFileType = sourcecode.swift; path = trx40.swift; sourceTree = "<group>"; };
		CF4B049D249EBD4B00690FB2 /* LucyRTL8125Ethernet.kext */ = {isa = PBXFileReference; lastKnownFileType = "wrapper.kernel-extension"; path = LucyRTL8125Ethernet.kext; sourceTree = "<group>"; };
		CF4C200C243D06B700D2F187 /* AppleMCEReporterDisabler.kext */ = {isa = PBXFileReference; lastKnownFileType = "wrapper.kernel-extension"; path = AppleMCEReporterDisabler.kext; sourceTree = "<group>"; };
		CF4C200D243D06B700D2F187 /* SmallTreeIntel82576.kext */ = {isa = PBXFileReference; lastKnownFileType = "wrapper.kernel-extension"; path = SmallTreeIntel82576.kext; sourceTree = "<group>"; };
		CF4C2013243D06D300D2F187 /* USBInjectAll.kext */ = {isa = PBXFileReference; lastKnownFileType = "wrapper.kernel-extension"; path = USBInjectAll.kext; sourceTree = "<group>"; };
		CF4C2015243D06E100D2F187 /* RealtekRTL8111.kext */ = {isa = PBXFileReference; lastKnownFileType = "wrapper.kernel-extension"; path = RealtekRTL8111.kext; sourceTree = "<group>"; };
		CF4C2017243D06EC00D2F187 /* AtherosE2200Ethernet.kext */ = {isa = PBXFileReference; lastKnownFileType = "wrapper.kernel-extension"; path = AtherosE2200Ethernet.kext; sourceTree = "<group>"; };
		CF59E724241DA2D500A7C5EC /* OC_Gen-X.app */ = {isa = PBXFileReference; explicitFileType = wrapper.application; includeInIndex = 0; path = "OC_Gen-X.app"; sourceTree = BUILT_PRODUCTS_DIR; };
		CF59E727241DA2D500A7C5EC /* AppDelegate.swift */ = {isa = PBXFileReference; lastKnownFileType = sourcecode.swift; path = AppDelegate.swift; sourceTree = "<group>"; };
		CF59E72E241DA2D600A7C5EC /* Base */ = {isa = PBXFileReference; lastKnownFileType = file.storyboard; name = Base; path = Base.lproj/Main.storyboard; sourceTree = "<group>"; };
		CF59E730241DA2D600A7C5EC /* Info.plist */ = {isa = PBXFileReference; lastKnownFileType = text.plist.xml; path = Info.plist; sourceTree = "<group>"; };
		CF59E731241DA2D600A7C5EC /* OC_Gen_X.entitlements */ = {isa = PBXFileReference; lastKnownFileType = text.plist.entitlements; path = OC_Gen_X.entitlements; sourceTree = "<group>"; };
		CF59E739241DA57A00A7C5EC /* MainVC.swift */ = {isa = PBXFileReference; lastKnownFileType = sourcecode.swift; path = MainVC.swift; sourceTree = "<group>"; };
		CF59E73D241DA7F500A7C5EC /* MainWindowController.swift */ = {isa = PBXFileReference; lastKnownFileType = sourcecode.swift; path = MainWindowController.swift; sourceTree = "<group>"; };
		CF67259A261F3F9600B8A5C3 /* BrcmPatchRAM2.kext */ = {isa = PBXFileReference; lastKnownFileType = "wrapper.kernel-extension"; path = BrcmPatchRAM2.kext; sourceTree = "<group>"; };
		CF67259B261F3F9600B8A5C3 /* BrcmBluetoothInjector.kext */ = {isa = PBXFileReference; lastKnownFileType = "wrapper.kernel-extension"; path = BrcmBluetoothInjector.kext; sourceTree = "<group>"; };
		CF67259C261F3F9600B8A5C3 /* BrcmFirmwareData.kext */ = {isa = PBXFileReference; lastKnownFileType = "wrapper.kernel-extension"; path = BrcmFirmwareData.kext; sourceTree = "<group>"; };
		CF67259D261F3F9600B8A5C3 /* BrcmPatchRAM3.kext */ = {isa = PBXFileReference; lastKnownFileType = "wrapper.kernel-extension"; path = BrcmPatchRAM3.kext; sourceTree = "<group>"; };
		CF6F1117241E96DD00B70805 /* Root.swift */ = {isa = PBXFileReference; lastKnownFileType = sourcecode.swift; path = Root.swift; sourceTree = "<group>"; };
		CF6F1119241E96EB00B70805 /* ACPI.swift */ = {isa = PBXFileReference; lastKnownFileType = sourcecode.swift; path = ACPI.swift; sourceTree = "<group>"; };
		CF6F111B241E96F400B70805 /* Booter.swift */ = {isa = PBXFileReference; lastKnownFileType = sourcecode.swift; path = Booter.swift; sourceTree = "<group>"; };
		CF6F111D241E970B00B70805 /* DeviceProperties.swift */ = {isa = PBXFileReference; lastKnownFileType = sourcecode.swift; path = DeviceProperties.swift; sourceTree = "<group>"; };
		CF6F111F241E971400B70805 /* Kernel.swift */ = {isa = PBXFileReference; lastKnownFileType = sourcecode.swift; path = Kernel.swift; sourceTree = "<group>"; };
		CF6F1121241E971E00B70805 /* Misc.swift */ = {isa = PBXFileReference; lastKnownFileType = sourcecode.swift; path = Misc.swift; sourceTree = "<group>"; };
		CF6F1123241E972600B70805 /* NVRAM.swift */ = {isa = PBXFileReference; lastKnownFileType = sourcecode.swift; path = NVRAM.swift; sourceTree = "<group>"; };
		CF6F1125241E973600B70805 /* PlatformInfo.swift */ = {isa = PBXFileReference; lastKnownFileType = sourcecode.swift; path = PlatformInfo.swift; sourceTree = "<group>"; };
		CF6F1127241E973E00B70805 /* UEFI.swift */ = {isa = PBXFileReference; lastKnownFileType = sourcecode.swift; path = UEFI.swift; sourceTree = "<group>"; };
		CF77A0B1256C2D100082464D /* macpro61.png */ = {isa = PBXFileReference; lastKnownFileType = image.png; path = macpro61.png; sourceTree = "<group>"; };
		CF77A0B2256C2D100082464D /* macpro71.png */ = {isa = PBXFileReference; lastKnownFileType = image.png; path = macpro71.png; sourceTree = "<group>"; };
		CF77A0B3256C2D100082464D /* macpro.png */ = {isa = PBXFileReference; lastKnownFileType = image.png; path = macpro.png; sourceTree = "<group>"; };
		CF77A0B4256C2D100082464D /* imacpro.png */ = {isa = PBXFileReference; lastKnownFileType = image.png; path = imacpro.png; sourceTree = "<group>"; };
		CF77A0B5256C2D100082464D /* imac.png */ = {isa = PBXFileReference; lastKnownFileType = image.png; path = imac.png; sourceTree = "<group>"; };
		CF8037A6266E831E003F7BB0 /* BOOTx64.efi */ = {isa = PBXFileReference; lastKnownFileType = file; path = BOOTx64.efi; sourceTree = "<group>"; };
		CF8037A8266E8330003F7BB0 /* OpenCore.efi */ = {isa = PBXFileReference; lastKnownFileType = file; path = OpenCore.efi; sourceTree = "<group>"; };
		CF8037AA266E8350003F7BB0 /* macserial */ = {isa = PBXFileReference; lastKnownFileType = "compiled.mach-o.executable"; path = macserial; sourceTree = "<group>"; };
		CF8037AC266E838D003F7BB0 /* OpenRuntime.efi */ = {isa = PBXFileReference; lastKnownFileType = file; path = OpenRuntime.efi; sourceTree = "<group>"; };
		CF8037AD266E838D003F7BB0 /* NvmExpressDxe.efi */ = {isa = PBXFileReference; lastKnownFileType = file; path = NvmExpressDxe.efi; sourceTree = "<group>"; };
		CF8037AE266E838D003F7BB0 /* XhciDxe.efi */ = {isa = PBXFileReference; lastKnownFileType = file; path = XhciDxe.efi; sourceTree = "<group>"; };
		CF8037AF266E838D003F7BB0 /* OpenUsbKbDxe.efi */ = {isa = PBXFileReference; lastKnownFileType = file; path = OpenUsbKbDxe.efi; sourceTree = "<group>"; };
		CF8037B5266E842A003F7BB0 /* Lilu.kext */ = {isa = PBXFileReference; lastKnownFileType = "wrapper.kernel-extension"; path = Lilu.kext; sourceTree = "<group>"; };
		CF8037B7266E845D003F7BB0 /* AppleALC.kext */ = {isa = PBXFileReference; lastKnownFileType = "wrapper.kernel-extension"; path = AppleALC.kext; sourceTree = "<group>"; };
		CF8037B9266E8492003F7BB0 /* SMCBatteryManager.kext */ = {isa = PBXFileReference; lastKnownFileType = "wrapper.kernel-extension"; path = SMCBatteryManager.kext; sourceTree = "<group>"; };
		CF8037BA266E8492003F7BB0 /* SMCSuperIO.kext */ = {isa = PBXFileReference; lastKnownFileType = "wrapper.kernel-extension"; path = SMCSuperIO.kext; sourceTree = "<group>"; };
		CF8037BB266E8492003F7BB0 /* VirtualSMC.kext */ = {isa = PBXFileReference; lastKnownFileType = "wrapper.kernel-extension"; path = VirtualSMC.kext; sourceTree = "<group>"; };
		CF8037BC266E8492003F7BB0 /* SMCDellSensors.kext */ = {isa = PBXFileReference; lastKnownFileType = "wrapper.kernel-extension"; path = SMCDellSensors.kext; sourceTree = "<group>"; };
		CF8037BD266E8492003F7BB0 /* SMCLightSensor.kext */ = {isa = PBXFileReference; lastKnownFileType = "wrapper.kernel-extension"; path = SMCLightSensor.kext; sourceTree = "<group>"; };
		CF8037BE266E8492003F7BB0 /* SMCProcessor.kext */ = {isa = PBXFileReference; lastKnownFileType = "wrapper.kernel-extension"; path = SMCProcessor.kext; sourceTree = "<group>"; };
		CF8037C5266E84C7003F7BB0 /* WhateverGreen.kext */ = {isa = PBXFileReference; lastKnownFileType = "wrapper.kernel-extension"; path = WhateverGreen.kext; sourceTree = "<group>"; };
		CF8B211625C781FE00596150 /* Sparkle.framework */ = {isa = PBXFileReference; lastKnownFileType = wrapper.framework; path = Sparkle.framework; sourceTree = "<group>"; };
		CF8B211725C781FE00596150 /* XPCServices */ = {isa = PBXFileReference; lastKnownFileType = folder; path = XPCServices; sourceTree = "<group>"; };
		CF92212F25C9E58A00CBD096 /* generate_keys */ = {isa = PBXFileReference; lastKnownFileType = "compiled.mach-o.executable"; path = generate_keys; sourceTree = "<group>"; };
		CF92213025C9E58A00CBD096 /* generate_appcast */ = {isa = PBXFileReference; lastKnownFileType = "compiled.mach-o.executable"; path = generate_appcast; sourceTree = "<group>"; };
		CFC0F3B9256EA9BF00549048 /* AGPM.swift */ = {isa = PBXFileReference; lastKnownFileType = sourcecode.swift; path = AGPM.swift; sourceTree = "<group>"; };
		CFDE3E8A252B8A4B004AE661 /* HfsPlus.efi */ = {isa = PBXFileReference; lastKnownFileType = file; path = HfsPlus.efi; sourceTree = "<group>"; };
		CFE16258260CF94D00F4616C /* sandybridge.swift */ = {isa = PBXFileReference; lastKnownFileType = sourcecode.swift; path = sandybridge.swift; sourceTree = "<group>"; };
		CFE8A22F249E662400D72669 /* AppIcon.xcassets */ = {isa = PBXFileReference; lastKnownFileType = folder.assetcatalog; path = AppIcon.xcassets; sourceTree = "<group>"; };
		CFEAE82025A3C2A900356BE8 /* AirportBrcmFixup.kext */ = {isa = PBXFileReference; lastKnownFileType = "wrapper.kernel-extension"; path = AirportBrcmFixup.kext; sourceTree = "<group>"; };
		CFEE63DA261F422300F708D3 /* ryzen.plist */ = {isa = PBXFileReference; fileEncoding = 4; lastKnownFileType = text.plist.xml; path = ryzen.plist; sourceTree = "<group>"; };
		CFEE63DC261F571100F708D3 /* proxmox.plist */ = {isa = PBXFileReference; fileEncoding = 4; lastKnownFileType = text.plist.xml; path = proxmox.plist; sourceTree = "<group>"; };
		CFEE63DE261F577D00F708D3 /* threadripper.plist */ = {isa = PBXFileReference; fileEncoding = 4; lastKnownFileType = text.plist.xml; path = threadripper.plist; sourceTree = "<group>"; };
		D5B5BBF724A7B6CC004E5D7C /* HyperlinkTextField.swift */ = {isa = PBXFileReference; lastKnownFileType = sourcecode.swift; path = HyperlinkTextField.swift; sourceTree = "<group>"; };
/* End PBXFileReference section */

/* Begin PBXFrameworksBuildPhase section */
		CF59E721241DA2D500A7C5EC /* Frameworks */ = {
			isa = PBXFrameworksBuildPhase;
			buildActionMask = 2147483647;
			files = (
				CF8B211A25C7821300596150 /* Sparkle.framework in Frameworks */,
			);
			runOnlyForDeploymentPostprocessing = 0;
		};
/* End PBXFrameworksBuildPhase section */

/* Begin PBXGroup section */
		CF12199125C5E368006A07B0 /* Frameworks */ = {
			isa = PBXGroup;
			children = (
			);
			name = Frameworks;
			sourceTree = "<group>";
		};
		CF4C2008243D067000D2F187 /* Kexts */ = {
			isa = PBXGroup;
			children = (
				CF8037C5266E84C7003F7BB0 /* WhateverGreen.kext */,
				CF8037B9266E8492003F7BB0 /* SMCBatteryManager.kext */,
				CF8037BC266E8492003F7BB0 /* SMCDellSensors.kext */,
				CF8037BD266E8492003F7BB0 /* SMCLightSensor.kext */,
				CF8037BE266E8492003F7BB0 /* SMCProcessor.kext */,
				CF8037BA266E8492003F7BB0 /* SMCSuperIO.kext */,
				CF8037BB266E8492003F7BB0 /* VirtualSMC.kext */,
				CF8037B7266E845D003F7BB0 /* AppleALC.kext */,
				CF8037B5266E842A003F7BB0 /* Lilu.kext */,
				CF1BF83E2641768B00A794BE /* IntelMausi.kext */,
				CF67259B261F3F9600B8A5C3 /* BrcmBluetoothInjector.kext */,
				CF67259C261F3F9600B8A5C3 /* BrcmFirmwareData.kext */,
				CF67259A261F3F9600B8A5C3 /* BrcmPatchRAM2.kext */,
				CF67259D261F3F9600B8A5C3 /* BrcmPatchRAM3.kext */,
				CFEAE82025A3C2A900356BE8 /* AirportBrcmFixup.kext */,
				CF4C2013243D06D300D2F187 /* USBInjectAll.kext */,
				CF4B049D249EBD4B00690FB2 /* LucyRTL8125Ethernet.kext */,
				CF4C2017243D06EC00D2F187 /* AtherosE2200Ethernet.kext */,
				CF4C200C243D06B700D2F187 /* AppleMCEReporterDisabler.kext */,
				CF4C2015243D06E100D2F187 /* RealtekRTL8111.kext */,
				CF4C200D243D06B700D2F187 /* SmallTreeIntel82576.kext */,
			);
			path = Kexts;
			sourceTree = "<group>";
		};
		CF4C200A243D069000D2F187 /* Drivers */ = {
			isa = PBXGroup;
			children = (
				CF8037AD266E838D003F7BB0 /* NvmExpressDxe.efi */,
				CF8037AC266E838D003F7BB0 /* OpenRuntime.efi */,
				CF8037AF266E838D003F7BB0 /* OpenUsbKbDxe.efi */,
				CF8037AE266E838D003F7BB0 /* XhciDxe.efi */,
				CFDE3E8A252B8A4B004AE661 /* HfsPlus.efi */,
			);
			path = Drivers;
			sourceTree = "<group>";
		};
		CF4C2035243D077E00D2F187 /* OC_Files */ = {
			isa = PBXGroup;
			children = (
				CF8037AA266E8350003F7BB0 /* macserial */,
				CF8037A6266E831E003F7BB0 /* BOOTx64.efi */,
				CF8037A8266E8330003F7BB0 /* OpenCore.efi */,
			);
			path = OC_Files;
			sourceTree = "<group>";
		};
		CF59E71B241DA2D500A7C5EC = {
			isa = PBXGroup;
			children = (
				CF8B211525C781E800596150 /* Support_Files */,
				CF59E726241DA2D500A7C5EC /* OC_Gen-X */,
				CF59E725241DA2D500A7C5EC /* Products */,
				CF12199125C5E368006A07B0 /* Frameworks */,
			);
			sourceTree = "<group>";
		};
		CF59E725241DA2D500A7C5EC /* Products */ = {
			isa = PBXGroup;
			children = (
				CF59E724241DA2D500A7C5EC /* OC_Gen-X.app */,
			);
			name = Products;
			sourceTree = "<group>";
		};
		CF59E726241DA2D500A7C5EC /* OC_Gen-X */ = {
			isa = PBXGroup;
			children = (
				CFEE63D9261F420E00F708D3 /* AMD Patches */,
				CF77A0B0256C2CFF0082464D /* Images */,
				CF6F1116241E96C200B70805 /* Config */,
				CF4C2008243D067000D2F187 /* Kexts */,
				CF4C2035243D077E00D2F187 /* OC_Files */,
				CF4C200A243D069000D2F187 /* Drivers */,
				D5B5BBF924A7B6FB004E5D7C /* Views */,
				CF59E727241DA2D500A7C5EC /* AppDelegate.swift */,
				CF59E739241DA57A00A7C5EC /* MainVC.swift */,
				CF59E73D241DA7F500A7C5EC /* MainWindowController.swift */,
				CF59E72D241DA2D600A7C5EC /* Main.storyboard */,
				CF59E730241DA2D600A7C5EC /* Info.plist */,
				CF59E731241DA2D600A7C5EC /* OC_Gen_X.entitlements */,
				CFE8A22F249E662400D72669 /* AppIcon.xcassets */,
			);
			path = "OC_Gen-X";
			sourceTree = "<group>";
		};
		CF6F1116241E96C200B70805 /* Config */ = {
			isa = PBXGroup;
			children = (
				CF6F1117241E96DD00B70805 /* Root.swift */,
				CF6F1119241E96EB00B70805 /* ACPI.swift */,
				CF6F111B241E96F400B70805 /* Booter.swift */,
				CF6F111D241E970B00B70805 /* DeviceProperties.swift */,
				CF6F111F241E971400B70805 /* Kernel.swift */,
				CF6F1121241E971E00B70805 /* Misc.swift */,
				CF6F1123241E972600B70805 /* NVRAM.swift */,
				CF6F1125241E973600B70805 /* PlatformInfo.swift */,
				CF6F1127241E973E00B70805 /* UEFI.swift */,
				CF2D771F256196BF00D7507C /* trx40.swift */,
				CFC0F3B9256EA9BF00549048 /* AGPM.swift */,
				CFE16258260CF94D00F4616C /* sandybridge.swift */,
			);
			path = Config;
			sourceTree = "<group>";
		};
		CF77A0B0256C2CFF0082464D /* Images */ = {
			isa = PBXGroup;
			children = (
				CF77A0B5256C2D100082464D /* imac.png */,
				CF77A0B4256C2D100082464D /* imacpro.png */,
				CF77A0B3256C2D100082464D /* macpro.png */,
				CF77A0B1256C2D100082464D /* macpro61.png */,
				CF77A0B2256C2D100082464D /* macpro71.png */,
			);
			path = Images;
			sourceTree = "<group>";
		};
		CF8B211525C781E800596150 /* Support_Files */ = {
			isa = PBXGroup;
			children = (
				CF92213025C9E58A00CBD096 /* generate_appcast */,
				CF92212F25C9E58A00CBD096 /* generate_keys */,
				CF8B211625C781FE00596150 /* Sparkle.framework */,
				CF8B211725C781FE00596150 /* XPCServices */,
			);
			path = Support_Files;
			sourceTree = "<group>";
		};
		CFEE63D9261F420E00F708D3 /* AMD Patches */ = {
			isa = PBXGroup;
			children = (
				CFEE63DA261F422300F708D3 /* ryzen.plist */,
				CFEE63DC261F571100F708D3 /* proxmox.plist */,
				CFEE63DE261F577D00F708D3 /* threadripper.plist */,
			);
			path = "AMD Patches";
			sourceTree = "<group>";
		};
		D5B5BBF924A7B6FB004E5D7C /* Views */ = {
			isa = PBXGroup;
			children = (
				D5B5BBF724A7B6CC004E5D7C /* HyperlinkTextField.swift */,
			);
			path = Views;
			sourceTree = "<group>";
		};
/* End PBXGroup section */

/* Begin PBXNativeTarget section */
		CF59E723241DA2D500A7C5EC /* OC_Gen-X */ = {
			isa = PBXNativeTarget;
			buildConfigurationList = CF59E734241DA2D600A7C5EC /* Build configuration list for PBXNativeTarget "OC_Gen-X" */;
			buildPhases = (
				CF59E720241DA2D500A7C5EC /* Sources */,
				CF591D2825ACA38500AEEE1F /* CopyFiles */,
				CF59E721241DA2D500A7C5EC /* Frameworks */,
				CF59E722241DA2D500A7C5EC /* Resources */,
				CF12199925C5E3DC006A07B0 /* Embed Frameworks */,
			);
			buildRules = (
			);
			dependencies = (
			);
			name = "OC_Gen-X";
			productName = "OC Gen-X";
			productReference = CF59E724241DA2D500A7C5EC /* OC_Gen-X.app */;
			productType = "com.apple.product-type.application";
		};
/* End PBXNativeTarget section */

/* Begin PBXProject section */
		CF59E71C241DA2D500A7C5EC /* Project object */ = {
			isa = PBXProject;
			attributes = {
				LastSwiftUpdateCheck = 1130;
				LastUpgradeCheck = 1250;
				ORGANIZATIONNAME = Pavo;
				TargetAttributes = {
					CF59E723241DA2D500A7C5EC = {
						CreatedOnToolsVersion = 11.3.1;
						LastSwiftMigration = 1200;
					};
				};
			};
			buildConfigurationList = CF59E71F241DA2D500A7C5EC /* Build configuration list for PBXProject "OC_Gen-X" */;
			compatibilityVersion = "Xcode 9.3";
			developmentRegion = en;
			hasScannedForEncodings = 0;
			knownRegions = (
				en,
				Base,
				ko,
			);
			mainGroup = CF59E71B241DA2D500A7C5EC;
			productRefGroup = CF59E725241DA2D500A7C5EC /* Products */;
			projectDirPath = "";
			projectRoot = "";
			targets = (
				CF59E723241DA2D500A7C5EC /* OC_Gen-X */,
			);
		};
/* End PBXProject section */

/* Begin PBXResourcesBuildPhase section */
		CF59E722241DA2D500A7C5EC /* Resources */ = {
			isa = PBXResourcesBuildPhase;
			buildActionMask = 2147483647;
			files = (
				CF8037A7266E831E003F7BB0 /* BOOTx64.efi in Resources */,
				CF8B211925C781FE00596150 /* XPCServices in Resources */,
				CF4C2018243D06EC00D2F187 /* AtherosE2200Ethernet.kext in Resources */,
				CF77A0B7256C2D100082464D /* macpro71.png in Resources */,
				CFE8A230249E662400D72669 /* AppIcon.xcassets in Resources */,
				CF67259E261F3F9600B8A5C3 /* BrcmPatchRAM2.kext in Resources */,
				CF8037C0266E8492003F7BB0 /* SMCSuperIO.kext in Resources */,
				CFEE63DB261F422300F708D3 /* ryzen.plist in Resources */,
				CF92213225C9E58A00CBD096 /* generate_appcast in Resources */,
				CF77A0B6256C2D100082464D /* macpro61.png in Resources */,
				CF59E72F241DA2D600A7C5EC /* Main.storyboard in Resources */,
				CF8037B1266E838D003F7BB0 /* NvmExpressDxe.efi in Resources */,
				CF8037B3266E838D003F7BB0 /* OpenUsbKbDxe.efi in Resources */,
				CF8037AB266E8350003F7BB0 /* macserial in Resources */,
				CF8037B2266E838D003F7BB0 /* XhciDxe.efi in Resources */,
				CF4C2010243D06B700D2F187 /* SmallTreeIntel82576.kext in Resources */,
				CF77A0B9256C2D100082464D /* imacpro.png in Resources */,
				CF4C2014243D06D300D2F187 /* USBInjectAll.kext in Resources */,
				CF92213125C9E58A00CBD096 /* generate_keys in Resources */,
				CF8037C3266E8492003F7BB0 /* SMCLightSensor.kext in Resources */,
				CF6725A0261F3F9600B8A5C3 /* BrcmFirmwareData.kext in Resources */,
				CF77A0B8256C2D100082464D /* macpro.png in Resources */,
				CF8037C2266E8492003F7BB0 /* SMCDellSensors.kext in Resources */,
				CF8037B6266E842A003F7BB0 /* Lilu.kext in Resources */,
				CF67259F261F3F9600B8A5C3 /* BrcmBluetoothInjector.kext in Resources */,
				CF4C200F243D06B700D2F187 /* AppleMCEReporterDisabler.kext in Resources */,
				CF8037BF266E8492003F7BB0 /* SMCBatteryManager.kext in Resources */,
				CFDE3E8B252B8A4B004AE661 /* HfsPlus.efi in Resources */,
				CF8037B0266E838D003F7BB0 /* OpenRuntime.efi in Resources */,
				CFEE63DF261F577D00F708D3 /* threadripper.plist in Resources */,
				CFEAE82125A3C2A900356BE8 /* AirportBrcmFixup.kext in Resources */,
				CF8037C6266E84C7003F7BB0 /* WhateverGreen.kext in Resources */,
				CF8037C1266E8492003F7BB0 /* VirtualSMC.kext in Resources */,
				CF6725A1261F3F9600B8A5C3 /* BrcmPatchRAM3.kext in Resources */,
				CF77A0BA256C2D100082464D /* imac.png in Resources */,
				CFEE63DD261F571100F708D3 /* proxmox.plist in Resources */,
				CF8037C4266E8492003F7BB0 /* SMCProcessor.kext in Resources */,
				CF4B049E249EBD4B00690FB2 /* LucyRTL8125Ethernet.kext in Resources */,
				CF1BF83F2641768B00A794BE /* IntelMausi.kext in Resources */,
				CF8037B8266E845D003F7BB0 /* AppleALC.kext in Resources */,
				CF4C2016243D06E100D2F187 /* RealtekRTL8111.kext in Resources */,
				CF8037A9266E8330003F7BB0 /* OpenCore.efi in Resources */,
			);
			runOnlyForDeploymentPostprocessing = 0;
		};
/* End PBXResourcesBuildPhase section */

/* Begin PBXSourcesBuildPhase section */
		CF59E720241DA2D500A7C5EC /* Sources */ = {
			isa = PBXSourcesBuildPhase;
			buildActionMask = 2147483647;
			files = (
				CF6F1126241E973600B70805 /* PlatformInfo.swift in Sources */,
				CFE16259260CF94D00F4616C /* sandybridge.swift in Sources */,
				CF6F1120241E971400B70805 /* Kernel.swift in Sources */,
				CF2D7720256196BF00D7507C /* trx40.swift in Sources */,
				CF6F111A241E96EB00B70805 /* ACPI.swift in Sources */,
				CF59E73A241DA57A00A7C5EC /* MainVC.swift in Sources */,
				CF6F111C241E96F400B70805 /* Booter.swift in Sources */,
				CF6F1122241E971E00B70805 /* Misc.swift in Sources */,
				D5B5BBF824A7B6CC004E5D7C /* HyperlinkTextField.swift in Sources */,
				CF6F1124241E972600B70805 /* NVRAM.swift in Sources */,
				CFC0F3BA256EA9BF00549048 /* AGPM.swift in Sources */,
				CF59E728241DA2D500A7C5EC /* AppDelegate.swift in Sources */,
				CF6F1128241E973E00B70805 /* UEFI.swift in Sources */,
				CF59E73E241DA7F500A7C5EC /* MainWindowController.swift in Sources */,
				CF6F1118241E96DD00B70805 /* Root.swift in Sources */,
				CF6F111E241E970B00B70805 /* DeviceProperties.swift in Sources */,
			);
			runOnlyForDeploymentPostprocessing = 0;
		};
/* End PBXSourcesBuildPhase section */

/* Begin PBXVariantGroup section */
		CF59E72D241DA2D600A7C5EC /* Main.storyboard */ = {
			isa = PBXVariantGroup;
			children = (
				CF59E72E241DA2D600A7C5EC /* Base */,
				B896CFA1249F24E50061F934 /* ko */,
			);
			name = Main.storyboard;
			sourceTree = "<group>";
		};
/* End PBXVariantGroup section */

/* Begin XCBuildConfiguration section */
		CF59E732241DA2D600A7C5EC /* Debug */ = {
			isa = XCBuildConfiguration;
			buildSettings = {
				ALWAYS_SEARCH_USER_PATHS = NO;
				CLANG_ANALYZER_LOCALIZABILITY_NONLOCALIZED = YES;
				CLANG_ANALYZER_NONNULL = YES;
				CLANG_ANALYZER_NUMBER_OBJECT_CONVERSION = YES_AGGRESSIVE;
				CLANG_CXX_LANGUAGE_STANDARD = "gnu++14";
				CLANG_CXX_LIBRARY = "libc++";
				CLANG_ENABLE_MODULES = YES;
				CLANG_ENABLE_OBJC_ARC = YES;
				CLANG_ENABLE_OBJC_WEAK = YES;
				CLANG_WARN_BLOCK_CAPTURE_AUTORELEASING = YES;
				CLANG_WARN_BOOL_CONVERSION = YES;
				CLANG_WARN_COMMA = YES;
				CLANG_WARN_CONSTANT_CONVERSION = YES;
				CLANG_WARN_DEPRECATED_OBJC_IMPLEMENTATIONS = YES;
				CLANG_WARN_DIRECT_OBJC_ISA_USAGE = YES_ERROR;
				CLANG_WARN_DOCUMENTATION_COMMENTS = YES;
				CLANG_WARN_EMPTY_BODY = YES;
				CLANG_WARN_ENUM_CONVERSION = YES;
				CLANG_WARN_INFINITE_RECURSION = YES;
				CLANG_WARN_INT_CONVERSION = YES;
				CLANG_WARN_NON_LITERAL_NULL_CONVERSION = YES;
				CLANG_WARN_OBJC_IMPLICIT_RETAIN_SELF = YES;
				CLANG_WARN_OBJC_LITERAL_CONVERSION = YES;
				CLANG_WARN_OBJC_ROOT_CLASS = YES_ERROR;
				CLANG_WARN_QUOTED_INCLUDE_IN_FRAMEWORK_HEADER = YES;
				CLANG_WARN_RANGE_LOOP_ANALYSIS = YES;
				CLANG_WARN_STRICT_PROTOTYPES = YES;
				CLANG_WARN_SUSPICIOUS_MOVE = YES;
				CLANG_WARN_UNGUARDED_AVAILABILITY = YES_AGGRESSIVE;
				CLANG_WARN_UNREACHABLE_CODE = YES;
				CLANG_WARN__DUPLICATE_METHOD_MATCH = YES;
				COPY_PHASE_STRIP = NO;
				DEBUG_INFORMATION_FORMAT = dwarf;
				ENABLE_STRICT_OBJC_MSGSEND = YES;
				ENABLE_TESTABILITY = YES;
				GCC_C_LANGUAGE_STANDARD = gnu11;
				GCC_DYNAMIC_NO_PIC = NO;
				GCC_NO_COMMON_BLOCKS = YES;
				GCC_OPTIMIZATION_LEVEL = 0;
				GCC_PREPROCESSOR_DEFINITIONS = (
					"DEBUG=1",
					"$(inherited)",
				);
				GCC_WARN_64_TO_32_BIT_CONVERSION = YES;
				GCC_WARN_ABOUT_RETURN_TYPE = YES_ERROR;
				GCC_WARN_UNDECLARED_SELECTOR = YES;
				GCC_WARN_UNINITIALIZED_AUTOS = YES_AGGRESSIVE;
				GCC_WARN_UNUSED_FUNCTION = YES;
				GCC_WARN_UNUSED_VARIABLE = YES;
				MACOSX_DEPLOYMENT_TARGET = 10.14;
				MTL_ENABLE_DEBUG_INFO = INCLUDE_SOURCE;
				MTL_FAST_MATH = YES;
				ONLY_ACTIVE_ARCH = YES;
				SDKROOT = macosx;
				SWIFT_ACTIVE_COMPILATION_CONDITIONS = DEBUG;
				SWIFT_OPTIMIZATION_LEVEL = "-Onone";
			};
			name = Debug;
		};
		CF59E733241DA2D600A7C5EC /* Release */ = {
			isa = XCBuildConfiguration;
			buildSettings = {
				ALWAYS_SEARCH_USER_PATHS = NO;
				CLANG_ANALYZER_LOCALIZABILITY_NONLOCALIZED = YES;
				CLANG_ANALYZER_NONNULL = YES;
				CLANG_ANALYZER_NUMBER_OBJECT_CONVERSION = YES_AGGRESSIVE;
				CLANG_CXX_LANGUAGE_STANDARD = "gnu++14";
				CLANG_CXX_LIBRARY = "libc++";
				CLANG_ENABLE_MODULES = YES;
				CLANG_ENABLE_OBJC_ARC = YES;
				CLANG_ENABLE_OBJC_WEAK = YES;
				CLANG_WARN_BLOCK_CAPTURE_AUTORELEASING = YES;
				CLANG_WARN_BOOL_CONVERSION = YES;
				CLANG_WARN_COMMA = YES;
				CLANG_WARN_CONSTANT_CONVERSION = YES;
				CLANG_WARN_DEPRECATED_OBJC_IMPLEMENTATIONS = YES;
				CLANG_WARN_DIRECT_OBJC_ISA_USAGE = YES_ERROR;
				CLANG_WARN_DOCUMENTATION_COMMENTS = YES;
				CLANG_WARN_EMPTY_BODY = YES;
				CLANG_WARN_ENUM_CONVERSION = YES;
				CLANG_WARN_INFINITE_RECURSION = YES;
				CLANG_WARN_INT_CONVERSION = YES;
				CLANG_WARN_NON_LITERAL_NULL_CONVERSION = YES;
				CLANG_WARN_OBJC_IMPLICIT_RETAIN_SELF = YES;
				CLANG_WARN_OBJC_LITERAL_CONVERSION = YES;
				CLANG_WARN_OBJC_ROOT_CLASS = YES_ERROR;
				CLANG_WARN_QUOTED_INCLUDE_IN_FRAMEWORK_HEADER = YES;
				CLANG_WARN_RANGE_LOOP_ANALYSIS = YES;
				CLANG_WARN_STRICT_PROTOTYPES = YES;
				CLANG_WARN_SUSPICIOUS_MOVE = YES;
				CLANG_WARN_UNGUARDED_AVAILABILITY = YES_AGGRESSIVE;
				CLANG_WARN_UNREACHABLE_CODE = YES;
				CLANG_WARN__DUPLICATE_METHOD_MATCH = YES;
				COPY_PHASE_STRIP = NO;
				DEBUG_INFORMATION_FORMAT = "dwarf-with-dsym";
				ENABLE_NS_ASSERTIONS = NO;
				ENABLE_STRICT_OBJC_MSGSEND = YES;
				GCC_C_LANGUAGE_STANDARD = gnu11;
				GCC_NO_COMMON_BLOCKS = YES;
				GCC_WARN_64_TO_32_BIT_CONVERSION = YES;
				GCC_WARN_ABOUT_RETURN_TYPE = YES_ERROR;
				GCC_WARN_UNDECLARED_SELECTOR = YES;
				GCC_WARN_UNINITIALIZED_AUTOS = YES_AGGRESSIVE;
				GCC_WARN_UNUSED_FUNCTION = YES;
				GCC_WARN_UNUSED_VARIABLE = YES;
				MACOSX_DEPLOYMENT_TARGET = 10.14;
				MTL_ENABLE_DEBUG_INFO = NO;
				MTL_FAST_MATH = YES;
				SDKROOT = macosx;
				SWIFT_COMPILATION_MODE = wholemodule;
				SWIFT_OPTIMIZATION_LEVEL = "-O";
			};
			name = Release;
		};
		CF59E735241DA2D600A7C5EC /* Debug */ = {
			isa = XCBuildConfiguration;
			buildSettings = {
				ASSETCATALOG_COMPILER_APPICON_NAME = AppIcon;
				CODE_SIGN_ENTITLEMENTS = "OC_Gen-X/OC_Gen_X.entitlements";
				CODE_SIGN_IDENTITY = "Apple Development";
				CODE_SIGN_STYLE = Automatic;
				COMBINE_HIDPI_IMAGES = YES;
				CURRENT_PROJECT_VERSION = 3.0.9;
				DEVELOPMENT_TEAM = 5DG8PLV54H;
				ENABLE_HARDENED_RUNTIME = YES;
				EXCLUDED_ARCHS = arm64;
				FRAMEWORK_SEARCH_PATHS = (
					"$(inherited)",
					"$(PROJECT_DIR)/OC_Gen-X",
					"$(PROJECT_DIR)/OC_Gen-X",
					"$(PROJECT_DIR)/OC_Gen-X",
					"$(PROJECT_DIR)/OC_Gen-X",
					"$(PROJECT_DIR)/OC_Gen-X",
					"$(PROJECT_DIR)",
					"$(PROJECT_DIR)/Support_Files",
				);
				INFOPLIST_FILE = "OC_Gen-X/Info.plist";
				LD_RUNPATH_SEARCH_PATHS = (
					"@loader_path/../Frameworks",
					"@executable_path/../Frameworks",
				);
				MACOSX_DEPLOYMENT_TARGET = 10.13;
				MARKETING_VERSION = 3.0.9;
				ONLY_ACTIVE_ARCH = NO;
				PRODUCT_BUNDLE_IDENTIFIER = "com.oc-gen-x.OC-Gen-X";
				PRODUCT_NAME = "$(TARGET_NAME)";
				PROVISIONING_PROFILE_SPECIFIER = "";
				SWIFT_VERSION = 4.2;
			};
			name = Debug;
		};
		CF59E736241DA2D600A7C5EC /* Release */ = {
			isa = XCBuildConfiguration;
			buildSettings = {
				ASSETCATALOG_COMPILER_APPICON_NAME = AppIcon;
				CODE_SIGN_ENTITLEMENTS = "OC_Gen-X/OC_Gen_X.entitlements";
				CODE_SIGN_IDENTITY = "Apple Development";
				CODE_SIGN_STYLE = Automatic;
				COMBINE_HIDPI_IMAGES = YES;
				CURRENT_PROJECT_VERSION = 3.0.9;
				DEVELOPMENT_TEAM = 5DG8PLV54H;
				ENABLE_HARDENED_RUNTIME = YES;
				EXCLUDED_ARCHS = arm64;
				FRAMEWORK_SEARCH_PATHS = (
					"$(inherited)",
					"$(PROJECT_DIR)/OC_Gen-X",
					"$(PROJECT_DIR)/OC_Gen-X",
					"$(PROJECT_DIR)/OC_Gen-X",
					"$(PROJECT_DIR)/OC_Gen-X",
					"$(PROJECT_DIR)/OC_Gen-X",
					"$(PROJECT_DIR)",
					"$(PROJECT_DIR)/Support_Files",
				);
				INFOPLIST_FILE = "OC_Gen-X/Info.plist";
				LD_RUNPATH_SEARCH_PATHS = (
					"@loader_path/../Frameworks",
					"@executable_path/../Frameworks",
				);
				MACOSX_DEPLOYMENT_TARGET = 10.13;
				MARKETING_VERSION = 3.0.9;
				ONLY_ACTIVE_ARCH = NO;
				PRODUCT_BUNDLE_IDENTIFIER = "com.oc-gen-x.OC-Gen-X";
				PRODUCT_NAME = "$(TARGET_NAME)";
				PROVISIONING_PROFILE_SPECIFIER = "";
				SWIFT_VERSION = 4.2;
			};
			name = Release;
		};
/* End XCBuildConfiguration section */

/* Begin XCConfigurationList section */
		CF59E71F241DA2D500A7C5EC /* Build configuration list for PBXProject "OC_Gen-X" */ = {
			isa = XCConfigurationList;
			buildConfigurations = (
				CF59E732241DA2D600A7C5EC /* Debug */,
				CF59E733241DA2D600A7C5EC /* Release */,
			);
			defaultConfigurationIsVisible = 0;
			defaultConfigurationName = Release;
		};
		CF59E734241DA2D600A7C5EC /* Build configuration list for PBXNativeTarget "OC_Gen-X" */ = {
			isa = XCConfigurationList;
			buildConfigurations = (
				CF59E735241DA2D600A7C5EC /* Debug */,
				CF59E736241DA2D600A7C5EC /* Release */,
			);
			defaultConfigurationIsVisible = 0;
			defaultConfigurationName = Release;
		};
/* End XCConfigurationList section */
	};
	rootObject = CF59E71C241DA2D500A7C5EC /* Project object */;
}
